// !$*UTF8*$!
{
	archiveVersion = 1;
	classes = {
	};
	objectVersion = 46;
	objects = {

/* Begin PBXBuildFile section */
		12ACE12FEB52F735E650134D /* Pods_VoiceRecorder.framework in Frameworks */ = {isa = PBXBuildFile; fileRef = 1840B0DCF950CEE768F9F7B0 /* Pods_VoiceRecorder.framework */; };
		2502D95B1B0F9F37005D7C45 /* button-enabled.png in Resources */ = {isa = PBXBuildFile; fileRef = 2502D9591B0F9F37005D7C45 /* button-enabled.png */; };
		2502D95C1B0F9F37005D7C45 /* button-disabled.png in Resources */ = {isa = PBXBuildFile; fileRef = 2502D95A1B0F9F37005D7C45 /* button-disabled.png */; };
		2502D95F1B0FA05C005D7C45 /* stop-disabled.png in Resources */ = {isa = PBXBuildFile; fileRef = 2502D95D1B0FA05C005D7C45 /* stop-disabled.png */; };
		2502D9621B0FA178005D7C45 /* stop-enabled.png in Resources */ = {isa = PBXBuildFile; fileRef = 2502D9611B0FA178005D7C45 /* stop-enabled.png */; };
		2502D9691B261AC4005D7C45 /* Main.storyboard in Resources */ = {isa = PBXBuildFile; fileRef = 2502D9671B261AC4005D7C45 /* Main.storyboard */; };
		2502D96F1B264DFE005D7C45 /* button-11.png in Resources */ = {isa = PBXBuildFile; fileRef = 2502D96E1B264DFE005D7C45 /* button-11.png */; };
		2502D9711B264E13005D7C45 /* button-12.png in Resources */ = {isa = PBXBuildFile; fileRef = 2502D9701B264E13005D7C45 /* button-12.png */; };
		2502D9731B264EB5005D7C45 /* button-14.png in Resources */ = {isa = PBXBuildFile; fileRef = 2502D9721B264EB5005D7C45 /* button-14.png */; };
		2502D9751B264F26005D7C45 /* button-15.png in Resources */ = {isa = PBXBuildFile; fileRef = 2502D9741B264F26005D7C45 /* button-15.png */; };
		2502ED0A1DD9359F009023A9 /* positiveButton.png in Resources */ = {isa = PBXBuildFile; fileRef = 2502ED091DD9359F009023A9 /* positiveButton.png */; };
		250FBB4C1C80E86D00B10E89 /* NamePickerController.m in Sources */ = {isa = PBXBuildFile; fileRef = 250FBB4B1C80E86D00B10E89 /* NamePickerController.m */; };
		250FBB511C824D9700B10E89 /* AddUsersViewController.m in Sources */ = {isa = PBXBuildFile; fileRef = 250FBB501C824D9700B10E89 /* AddUsersViewController.m */; };
		250FBB5C1C83D19700B10E89 /* readingtest_1.jpg in Resources */ = {isa = PBXBuildFile; fileRef = 250FBB531C83D19700B10E89 /* readingtest_1.jpg */; };
		250FBB5D1C83D19700B10E89 /* readingtest_8.jpg in Resources */ = {isa = PBXBuildFile; fileRef = 250FBB541C83D19700B10E89 /* readingtest_8.jpg */; };
		250FBB5E1C83D19700B10E89 /* readingtest_7.jpg in Resources */ = {isa = PBXBuildFile; fileRef = 250FBB551C83D19700B10E89 /* readingtest_7.jpg */; };
		250FBB5F1C83D19700B10E89 /* readingtest_6.jpg in Resources */ = {isa = PBXBuildFile; fileRef = 250FBB561C83D19700B10E89 /* readingtest_6.jpg */; };
		250FBB601C83D19700B10E89 /* readingtest_5.jpg in Resources */ = {isa = PBXBuildFile; fileRef = 250FBB571C83D19700B10E89 /* readingtest_5.jpg */; };
		250FBB611C83D19700B10E89 /* readingtest_4.jpg in Resources */ = {isa = PBXBuildFile; fileRef = 250FBB581C83D19700B10E89 /* readingtest_4.jpg */; };
		250FBB621C83D19700B10E89 /* readingtest_3.jpg in Resources */ = {isa = PBXBuildFile; fileRef = 250FBB591C83D19700B10E89 /* readingtest_3.jpg */; };
		250FBB631C83D19700B10E89 /* readingtest_2.jpg in Resources */ = {isa = PBXBuildFile; fileRef = 250FBB5A1C83D19700B10E89 /* readingtest_2.jpg */; };
		251BB7411D6D13E000A06E39 /* silence.mp3 in Resources */ = {isa = PBXBuildFile; fileRef = 251BB7401D6D13E000A06E39 /* silence.mp3 */; };
		255544D71DCEB04F00441B9C /* ASValueTrackingSlider.m in Sources */ = {isa = PBXBuildFile; fileRef = 255544D61DCEB04F00441B9C /* ASValueTrackingSlider.m */; };
		255544DA1DCEB16100441B9C /* ASValuePopUpView.m in Sources */ = {isa = PBXBuildFile; fileRef = 255544D91DCEB16100441B9C /* ASValuePopUpView.m */; };
		2569BB621BF8D1F400B5A3D4 /* ReadingTest2Controller.m in Sources */ = {isa = PBXBuildFile; fileRef = 2569BB611BF8D1F400B5A3D4 /* ReadingTest2Controller.m */; };
		2586329E1F7EB838003A36D9 /* Podfile in Resources */ = {isa = PBXBuildFile; fileRef = 2586329D1F7EB838003A36D9 /* Podfile */; };
		2587FEB31BF27D9700383823 /* cookieTheft.jpg in Resources */ = {isa = PBXBuildFile; fileRef = 2587FEB21BF27D9700383823 /* cookieTheft.jpg */; };
		2587FEB81BF3C63300383823 /* ReadingTestHome.m in Sources */ = {isa = PBXBuildFile; fileRef = 2587FEB71BF3C63300383823 /* ReadingTestHome.m */; };
		2587FEBB1BF51B2A00383823 /* ReadingTest1Controller.m in Sources */ = {isa = PBXBuildFile; fileRef = 2587FEBA1BF51B2A00383823 /* ReadingTest1Controller.m */; };
		259D4AF71DC977D100473E92 /* CustomIOSAlertView.m in Sources */ = {isa = PBXBuildFile; fileRef = 259D4AF61DC977D100473E92 /* CustomIOSAlertView.m */; };
		25A5B99D1BBC478A00F45A73 /* button_reading.png in Resources */ = {isa = PBXBuildFile; fileRef = 25A5B99C1BBC478A00F45A73 /* button_reading.png */; };
		25B645F31DBA7DE100AE6458 /* PageContentViewController.m in Sources */ = {isa = PBXBuildFile; fileRef = 25B645EB1DBA7DE100AE6458 /* PageContentViewController.m */; };
		25B645F41DBA7DE100AE6458 /* ReadingTest3Controller.m in Sources */ = {isa = PBXBuildFile; fileRef = 25B645ED1DBA7DE100AE6458 /* ReadingTest3Controller.m */; };
		25B645F51DBA7DE100AE6458 /* ReadingTest4Controller.m in Sources */ = {isa = PBXBuildFile; fileRef = 25B645EF1DBA7DE100AE6458 /* ReadingTest4Controller.m */; };
		25B645F61DBA7DE100AE6458 /* ReadingTestController.m in Sources */ = {isa = PBXBuildFile; fileRef = 25B645F11DBA7DE100AE6458 /* ReadingTestController.m */; };
		25B645F81DBA7DED00AE6458 /* ReadingTestViewController.m in Sources */ = {isa = PBXBuildFile; fileRef = 25B645F71DBA7DED00AE6458 /* ReadingTestViewController.m */; };
		25B646301DBAAED700AE6458 /* airplane.png in Resources */ = {isa = PBXBuildFile; fileRef = 25B645FC1DBAAED700AE6458 /* airplane.png */; };
		25B646311DBAAED700AE6458 /* ball.png in Resources */ = {isa = PBXBuildFile; fileRef = 25B645FD1DBAAED700AE6458 /* ball.png */; };
		25B646321DBAAED700AE6458 /* balloons.png in Resources */ = {isa = PBXBuildFile; fileRef = 25B645FE1DBAAED700AE6458 /* balloons.png */; };
		25B646331DBAAED700AE6458 /* bath.jpg in Resources */ = {isa = PBXBuildFile; fileRef = 25B645FF1DBAAED700AE6458 /* bath.jpg */; };
		25B646341DBAAED700AE6458 /* bathtub.png in Resources */ = {isa = PBXBuildFile; fileRef = 25B646001DBAAED700AE6458 /* bathtub.png */; };
		25B646351DBAAED700AE6458 /* blue.png in Resources */ = {isa = PBXBuildFile; fileRef = 25B646011DBAAED700AE6458 /* blue.png */; };
		25B646361DBAAED700AE6458 /* brush.png in Resources */ = {isa = PBXBuildFile; fileRef = 25B646021DBAAED700AE6458 /* brush.png */; };
		25B646371DBAAED700AE6458 /* car.png in Resources */ = {isa = PBXBuildFile; fileRef = 25B646031DBAAED700AE6458 /* car.png */; };
		25B646381DBAAED700AE6458 /* carrot.png in Resources */ = {isa = PBXBuildFile; fileRef = 25B646041DBAAED700AE6458 /* carrot.png */; };
		25B646391DBAAED700AE6458 /* chair.png in Resources */ = {isa = PBXBuildFile; fileRef = 25B646051DBAAED700AE6458 /* chair.png */; };
		25B6463A1DBAAED700AE6458 /* clown.png in Resources */ = {isa = PBXBuildFile; fileRef = 25B646061DBAAED700AE6458 /* clown.png */; };
		25B6463B1DBAAED700AE6458 /* crying.png in Resources */ = {isa = PBXBuildFile; fileRef = 25B646071DBAAED700AE6458 /* crying.png */; };
		25B6463C1DBAAED700AE6458 /* cup.png in Resources */ = {isa = PBXBuildFile; fileRef = 25B646081DBAAED700AE6458 /* cup.png */; };
		25B6463D1DBAAED700AE6458 /* drum.png in Resources */ = {isa = PBXBuildFile; fileRef = 25B646091DBAAED700AE6458 /* drum.png */; };
		25B6463E1DBAAED700AE6458 /* duck.png in Resources */ = {isa = PBXBuildFile; fileRef = 25B6460A1DBAAED700AE6458 /* duck.png */; };
		25B6463F1DBAAED700AE6458 /* feather.png in Resources */ = {isa = PBXBuildFile; fileRef = 25B6460B1DBAAED700AE6458 /* feather.png */; };
		25B646401DBAAED700AE6458 /* fingers.png in Resources */ = {isa = PBXBuildFile; fileRef = 25B6460C1DBAAED700AE6458 /* fingers.png */; };
		25B646411DBAAED700AE6458 /* fishing.png in Resources */ = {isa = PBXBuildFile; fileRef = 25B6460D1DBAAED700AE6458 /* fishing.png */; };
		25B646421DBAAED700AE6458 /* five.png in Resources */ = {isa = PBXBuildFile; fileRef = 25B6460E1DBAAED700AE6458 /* five.png */; };
		25B646431DBAAED700AE6458 /* flowers.png in Resources */ = {isa = PBXBuildFile; fileRef = 25B6460F1DBAAED700AE6458 /* flowers.png */; };
		25B646441DBAAED700AE6458 /* frog.png in Resources */ = {isa = PBXBuildFile; fileRef = 25B646101DBAAED700AE6458 /* frog.png */; };
		25B646451DBAAED700AE6458 /* girl.png in Resources */ = {isa = PBXBuildFile; fileRef = 25B646111DBAAED700AE6458 /* girl.png */; };
		25B646461DBAAED700AE6458 /* glasses.png in Resources */ = {isa = PBXBuildFile; fileRef = 25B646121DBAAED700AE6458 /* glasses.png */; };
		25B646471DBAAED700AE6458 /* green.jpg in Resources */ = {isa = PBXBuildFile; fileRef = 25B646131DBAAED700AE6458 /* green.jpg */; };
		25B646481DBAAED700AE6458 /* house.png in Resources */ = {isa = PBXBuildFile; fileRef = 25B646141DBAAED700AE6458 /* house.png */; };
		25B646491DBAAED700AE6458 /* jump.png in Resources */ = {isa = PBXBuildFile; fileRef = 25B646151DBAAED700AE6458 /* jump.png */; };
		25B6464A1DBAAED700AE6458 /* knife.png in Resources */ = {isa = PBXBuildFile; fileRef = 25B646161DBAAED700AE6458 /* knife.png */; };
		25B6464B1DBAAED700AE6458 /* lamp.png in Resources */ = {isa = PBXBuildFile; fileRef = 25B646171DBAAED700AE6458 /* lamp.png */; };
		25B6464C1DBAAED700AE6458 /* monkey.png in Resources */ = {isa = PBXBuildFile; fileRef = 25B646181DBAAED700AE6458 /* monkey.png */; };
		25B6464D1DBAAED700AE6458 /* orange.png in Resources */ = {isa = PBXBuildFile; fileRef = 25B646191DBAAED700AE6458 /* orange.png */; };
		25B6464E1DBAAED700AE6458 /* pajamas.png in Resources */ = {isa = PBXBuildFile; fileRef = 25B6461A1DBAAED700AE6458 /* pajamas.png */; };
		25B6464F1DBAAED700AE6458 /* pencil.png in Resources */ = {isa = PBXBuildFile; fileRef = 25B6461B1DBAAED700AE6458 /* pencil.png */; };
		25B646501DBAAED700AE6458 /* plane.png in Resources */ = {isa = PBXBuildFile; fileRef = 25B6461C1DBAAED700AE6458 /* plane.png */; };
		25B646511DBAAED700AE6458 /* quack.png in Resources */ = {isa = PBXBuildFile; fileRef = 25B6461D1DBAAED700AE6458 /* quack.png */; };
		25B646521DBAAED700AE6458 /* rabbit.png in Resources */ = {isa = PBXBuildFile; fileRef = 25B6461E1DBAAED700AE6458 /* rabbit.png */; };
		25B646531DBAAED700AE6458 /* ring.png in Resources */ = {isa = PBXBuildFile; fileRef = 25B6461F1DBAAED700AE6458 /* ring.png */; };
		25B646541DBAAED700AE6458 /* scissors.png in Resources */ = {isa = PBXBuildFile; fileRef = 25B646201DBAAED700AE6458 /* scissors.png */; };
		25B646551DBAAED700AE6458 /* shovel.png in Resources */ = {isa = PBXBuildFile; fileRef = 25B646211DBAAED700AE6458 /* shovel.png */; };
		25B646561DBAAED700AE6458 /* slide.png in Resources */ = {isa = PBXBuildFile; fileRef = 25B646221DBAAED700AE6458 /* slide.png */; };
		25B646571DBAAED700AE6458 /* spoon.png in Resources */ = {isa = PBXBuildFile; fileRef = 25B646231DBAAED700AE6458 /* spoon.png */; };
		25B646581DBAAED700AE6458 /* stars.png in Resources */ = {isa = PBXBuildFile; fileRef = 25B646241DBAAED700AE6458 /* stars.png */; };
		25B646591DBAAED700AE6458 /* swimming.png in Resources */ = {isa = PBXBuildFile; fileRef = 25B646251DBAAED700AE6458 /* swimming.png */; };
		25B6465A1DBAAED700AE6458 /* telephone.png in Resources */ = {isa = PBXBuildFile; fileRef = 25B646261DBAAED700AE6458 /* telephone.png */; };
		25B6465B1DBAAED700AE6458 /* thumb.png in Resources */ = {isa = PBXBuildFile; fileRef = 25B646271DBAAED700AE6458 /* thumb.png */; };
		25B6465C1DBAAED700AE6458 /* tree.png in Resources */ = {isa = PBXBuildFile; fileRef = 25B646281DBAAED700AE6458 /* tree.png */; };
		25B6465D1DBAAED700AE6458 /* vacuum.png in Resources */ = {isa = PBXBuildFile; fileRef = 25B646291DBAAED700AE6458 /* vacuum.png */; };
		25B6465E1DBAAED700AE6458 /* wagon.png in Resources */ = {isa = PBXBuildFile; fileRef = 25B6462A1DBAAED700AE6458 /* wagon.png */; };
		25B6465F1DBAAED700AE6458 /* watch.png in Resources */ = {isa = PBXBuildFile; fileRef = 25B6462B1DBAAED700AE6458 /* watch.png */; };
		25B646601DBAAED700AE6458 /* watches.png in Resources */ = {isa = PBXBuildFile; fileRef = 25B6462C1DBAAED700AE6458 /* watches.png */; };
		25B646611DBAAED700AE6458 /* window.png in Resources */ = {isa = PBXBuildFile; fileRef = 25B6462D1DBAAED700AE6458 /* window.png */; };
		25B646621DBAAED700AE6458 /* yellow.png in Resources */ = {isa = PBXBuildFile; fileRef = 25B6462E1DBAAED700AE6458 /* yellow.png */; };
		25B646631DBAAED700AE6458 /* zipper.png in Resources */ = {isa = PBXBuildFile; fileRef = 25B6462F1DBAAED700AE6458 /* zipper.png */; };
		25B646651DBAB53700AE6458 /* readingtest_0.jpg in Resources */ = {isa = PBXBuildFile; fileRef = 25B646641DBAB53700AE6458 /* readingtest_0.jpg */; };
		25B646681DBAB84D00AE6458 /* EmotionViewController.m in Sources */ = {isa = PBXBuildFile; fileRef = 25B646671DBAB84D00AE6458 /* EmotionViewController.m */; };
		25CC4A011AC9D51000F0BDF6 /* Record_supervised.tif in Resources */ = {isa = PBXBuildFile; fileRef = 25CC49FF1AC9D51000F0BDF6 /* Record_supervised.tif */; };
		25CC4A021AC9D51000F0BDF6 /* Record_unsupervised.tif in Resources */ = {isa = PBXBuildFile; fileRef = 25CC4A001AC9D51000F0BDF6 /* Record_unsupervised.tif */; };
		25CC4A071ACB2ACE00F0BDF6 /* checked.png in Resources */ = {isa = PBXBuildFile; fileRef = 25CC4A031ACB2ACE00F0BDF6 /* checked.png */; };
		25CC4A081ACB2ACE00F0BDF6 /* checked@2x.png in Resources */ = {isa = PBXBuildFile; fileRef = 25CC4A041ACB2ACE00F0BDF6 /* checked@2x.png */; };
		25CC4A091ACB2ACE00F0BDF6 /* unchecked.png in Resources */ = {isa = PBXBuildFile; fileRef = 25CC4A051ACB2ACE00F0BDF6 /* unchecked.png */; };
		25CC4A0A1ACB2ACE00F0BDF6 /* unchecked@2x.png in Resources */ = {isa = PBXBuildFile; fileRef = 25CC4A061ACB2ACE00F0BDF6 /* unchecked@2x.png */; };
		25D634331F7EE5E300EEBA82 /* AWSDataManager.m in Sources */ = {isa = PBXBuildFile; fileRef = 25D634321F7EE5E300EEBA82 /* AWSDataManager.m */; };
		25D634361F7F181500EEBA82 /* DropboxSDK.framework in Frameworks */ = {isa = PBXBuildFile; fileRef = 25D634351F7F181500EEBA82 /* DropboxSDK.framework */; };
		25DB59BE1BFA33A9009B1337 /* readingtestButton.png in Resources */ = {isa = PBXBuildFile; fileRef = 25DB59BD1BFA33A9009B1337 /* readingtestButton.png */; };
		25F1E3211F807F7400A099FE /* Reachability.m in Sources */ = {isa = PBXBuildFile; fileRef = 25F1E31F1F807F7400A099FE /* Reachability.m */; };
		25F770BF1AC06DCA00167320 /* Play_Black.tif in Resources */ = {isa = PBXBuildFile; fileRef = 25F770B51AC06DCA00167320 /* Play_Black.tif */; };
		25F770C01AC06DCA00167320 /* Play_Red.tif in Resources */ = {isa = PBXBuildFile; fileRef = 25F770B61AC06DCA00167320 /* Play_Red.tif */; };
		25F770C11AC06DCA00167320 /* Record_Black.tif in Resources */ = {isa = PBXBuildFile; fileRef = 25F770B71AC06DCA00167320 /* Record_Black.tif */; };
		25F770C21AC06DCA00167320 /* Record_Red-2.tif in Resources */ = {isa = PBXBuildFile; fileRef = 25F770B81AC06DCA00167320 /* Record_Red-2.tif */; };
		25F770C31AC06DCA00167320 /* Record_Red.tif in Resources */ = {isa = PBXBuildFile; fileRef = 25F770B91AC06DCA00167320 /* Record_Red.tif */; };
		25F770C41AC06DCA00167320 /* Square_Black.tif in Resources */ = {isa = PBXBuildFile; fileRef = 25F770BA1AC06DCA00167320 /* Square_Black.tif */; };
		25F770C51AC06DCA00167320 /* Stop_Red.tif in Resources */ = {isa = PBXBuildFile; fileRef = 25F770BB1AC06DCA00167320 /* Stop_Red.tif */; };
		25F770C61AC06DCA00167320 /* Upload_Black.tif in Resources */ = {isa = PBXBuildFile; fileRef = 25F770BC1AC06DCA00167320 /* Upload_Black.tif */; };
		25F770C71AC06DCA00167320 /* Upload_Red.tif in Resources */ = {isa = PBXBuildFile; fileRef = 25F770BD1AC06DCA00167320 /* Upload_Red.tif */; };
		25F770CB1AC8DE7A00167320 /* icon.png in Resources */ = {isa = PBXBuildFile; fileRef = 25F770CA1AC8DE7A00167320 /* icon.png */; };
		25FA0F5B1DDA999700EBBF31 /* story1_5.jpg in Resources */ = {isa = PBXBuildFile; fileRef = 25FA0F521DDA999700EBBF31 /* story1_5.jpg */; };
		25FA0F5C1DDA999700EBBF31 /* story1_4.jpg in Resources */ = {isa = PBXBuildFile; fileRef = 25FA0F531DDA999700EBBF31 /* story1_4.jpg */; };
		25FA0F5D1DDA999700EBBF31 /* story1_3.jpg in Resources */ = {isa = PBXBuildFile; fileRef = 25FA0F541DDA999700EBBF31 /* story1_3.jpg */; };
		25FA0F5E1DDA999700EBBF31 /* story1_2.jpg in Resources */ = {isa = PBXBuildFile; fileRef = 25FA0F551DDA999700EBBF31 /* story1_2.jpg */; };
		25FA0F5F1DDA999700EBBF31 /* story1_1.jpg in Resources */ = {isa = PBXBuildFile; fileRef = 25FA0F561DDA999700EBBF31 /* story1_1.jpg */; };
		25FA0F601DDA999700EBBF31 /* story2_1.jpg in Resources */ = {isa = PBXBuildFile; fileRef = 25FA0F571DDA999700EBBF31 /* story2_1.jpg */; };
		25FA0F611DDA999700EBBF31 /* story2_2.jpg in Resources */ = {isa = PBXBuildFile; fileRef = 25FA0F581DDA999700EBBF31 /* story2_2.jpg */; };
		25FA0F621DDA999700EBBF31 /* story2_3.jpg in Resources */ = {isa = PBXBuildFile; fileRef = 25FA0F591DDA999700EBBF31 /* story2_3.jpg */; };
		25FA0F631DDA999700EBBF31 /* story2_4.jpg in Resources */ = {isa = PBXBuildFile; fileRef = 25FA0F5A1DDA999700EBBF31 /* story2_4.jpg */; };
		25FABC7F1DCA6CB00075561E /* JMMarkSlider.m in Sources */ = {isa = PBXBuildFile; fileRef = 25FABC7E1DCA6CB00075561E /* JMMarkSlider.m */; };
		E84927AD19DB5C35005ACA9B /* main.m in Sources */ = {isa = PBXBuildFile; fileRef = E84927AC19DB5C35005ACA9B /* main.m */; };
		E84927B019DB5C35005ACA9B /* AppDelegate.m in Sources */ = {isa = PBXBuildFile; fileRef = E84927AF19DB5C35005ACA9B /* AppDelegate.m */; };
		E84927B319DB5C35005ACA9B /* ViewController.m in Sources */ = {isa = PBXBuildFile; fileRef = E84927B219DB5C35005ACA9B /* ViewController.m */; };
		E84927B819DB5C35005ACA9B /* Images.xcassets in Resources */ = {isa = PBXBuildFile; fileRef = E84927B719DB5C35005ACA9B /* Images.xcassets */; };
		E84927BB19DB5C35005ACA9B /* LaunchScreen.xib in Resources */ = {isa = PBXBuildFile; fileRef = E84927B919DB5C35005ACA9B /* LaunchScreen.xib */; };
		E84927C719DB5C35005ACA9B /* VoiceRecorderTests.m in Sources */ = {isa = PBXBuildFile; fileRef = E84927C619DB5C35005ACA9B /* VoiceRecorderTests.m */; };
		E88889621A3782490092B5B4 /* QuartzCore.framework in Frameworks */ = {isa = PBXBuildFile; fileRef = E88889611A3782490092B5B4 /* QuartzCore.framework */; };
		E88889641A37824E0092B5B4 /* Security.framework in Frameworks */ = {isa = PBXBuildFile; fileRef = E88889631A37824E0092B5B4 /* Security.framework */; };
		E93774A61A79682E00FEA9C4 /* AVFoundation.framework in Frameworks */ = {isa = PBXBuildFile; fileRef = E93774A51A79682E00FEA9C4 /* AVFoundation.framework */; };
		E937C5171A917B16006CE41E /* DevelopmentInterfaceViewController.m in Sources */ = {isa = PBXBuildFile; fileRef = E937C5151A917852006CE41E /* DevelopmentInterfaceViewController.m */; };
		E937C5191A917B68006CE41E /* DevelopmentSettings.m in Sources */ = {isa = PBXBuildFile; fileRef = E937C5181A917B68006CE41E /* DevelopmentSettings.m */; };
/* End PBXBuildFile section */

/* Begin PBXContainerItemProxy section */
		E84927C119DB5C35005ACA9B /* PBXContainerItemProxy */ = {
			isa = PBXContainerItemProxy;
			containerPortal = E849279F19DB5C35005ACA9B /* Project object */;
			proxyType = 1;
			remoteGlobalIDString = E84927A619DB5C35005ACA9B;
			remoteInfo = VoiceRecorder;
		};
/* End PBXContainerItemProxy section */

/* Begin PBXFileReference section */
		1840B0DCF950CEE768F9F7B0 /* Pods_VoiceRecorder.framework */ = {isa = PBXFileReference; explicitFileType = wrapper.framework; includeInIndex = 0; path = Pods_VoiceRecorder.framework; sourceTree = BUILT_PRODUCTS_DIR; };
		2502D9591B0F9F37005D7C45 /* button-enabled.png */ = {isa = PBXFileReference; lastKnownFileType = image.png; path = "button-enabled.png"; sourceTree = "<group>"; };
		2502D95A1B0F9F37005D7C45 /* button-disabled.png */ = {isa = PBXFileReference; lastKnownFileType = image.png; path = "button-disabled.png"; sourceTree = "<group>"; };
		2502D95D1B0FA05C005D7C45 /* stop-disabled.png */ = {isa = PBXFileReference; lastKnownFileType = image.png; path = "stop-disabled.png"; sourceTree = "<group>"; };
		2502D9611B0FA178005D7C45 /* stop-enabled.png */ = {isa = PBXFileReference; lastKnownFileType = image.png; path = "stop-enabled.png"; sourceTree = "<group>"; };
		2502D9681B261AC4005D7C45 /* Base */ = {isa = PBXFileReference; lastKnownFileType = file.storyboard; name = Base; path = VoiceRecorder/Base.lproj/Main.storyboard; sourceTree = "<group>"; };
		2502D96E1B264DFE005D7C45 /* button-11.png */ = {isa = PBXFileReference; lastKnownFileType = image.png; path = "button-11.png"; sourceTree = "<group>"; };
		2502D9701B264E13005D7C45 /* button-12.png */ = {isa = PBXFileReference; lastKnownFileType = image.png; path = "button-12.png"; sourceTree = "<group>"; };
		2502D9721B264EB5005D7C45 /* button-14.png */ = {isa = PBXFileReference; lastKnownFileType = image.png; path = "button-14.png"; sourceTree = "<group>"; };
		2502D9741B264F26005D7C45 /* button-15.png */ = {isa = PBXFileReference; lastKnownFileType = image.png; path = "button-15.png"; sourceTree = "<group>"; };
		2502ED091DD9359F009023A9 /* positiveButton.png */ = {isa = PBXFileReference; lastKnownFileType = image.png; path = positiveButton.png; sourceTree = "<group>"; };
		250FBB4A1C80E86D00B10E89 /* NamePickerController.h */ = {isa = PBXFileReference; fileEncoding = 4; lastKnownFileType = sourcecode.c.h; path = NamePickerController.h; sourceTree = "<group>"; };
		250FBB4B1C80E86D00B10E89 /* NamePickerController.m */ = {isa = PBXFileReference; fileEncoding = 4; lastKnownFileType = sourcecode.c.objc; path = NamePickerController.m; sourceTree = "<group>"; };
		250FBB4F1C824D9700B10E89 /* AddUsersViewController.h */ = {isa = PBXFileReference; fileEncoding = 4; lastKnownFileType = sourcecode.c.h; path = AddUsersViewController.h; sourceTree = "<group>"; };
		250FBB501C824D9700B10E89 /* AddUsersViewController.m */ = {isa = PBXFileReference; fileEncoding = 4; lastKnownFileType = sourcecode.c.objc; path = AddUsersViewController.m; sourceTree = "<group>"; };
		250FBB531C83D19700B10E89 /* readingtest_1.jpg */ = {isa = PBXFileReference; lastKnownFileType = image.jpeg; path = readingtest_1.jpg; sourceTree = "<group>"; };
		250FBB541C83D19700B10E89 /* readingtest_8.jpg */ = {isa = PBXFileReference; lastKnownFileType = image.jpeg; path = readingtest_8.jpg; sourceTree = "<group>"; };
		250FBB551C83D19700B10E89 /* readingtest_7.jpg */ = {isa = PBXFileReference; lastKnownFileType = image.jpeg; path = readingtest_7.jpg; sourceTree = "<group>"; };
		250FBB561C83D19700B10E89 /* readingtest_6.jpg */ = {isa = PBXFileReference; lastKnownFileType = image.jpeg; path = readingtest_6.jpg; sourceTree = "<group>"; };
		250FBB571C83D19700B10E89 /* readingtest_5.jpg */ = {isa = PBXFileReference; lastKnownFileType = image.jpeg; path = readingtest_5.jpg; sourceTree = "<group>"; };
		250FBB581C83D19700B10E89 /* readingtest_4.jpg */ = {isa = PBXFileReference; lastKnownFileType = image.jpeg; path = readingtest_4.jpg; sourceTree = "<group>"; };
		250FBB591C83D19700B10E89 /* readingtest_3.jpg */ = {isa = PBXFileReference; lastKnownFileType = image.jpeg; path = readingtest_3.jpg; sourceTree = "<group>"; };
		250FBB5A1C83D19700B10E89 /* readingtest_2.jpg */ = {isa = PBXFileReference; lastKnownFileType = image.jpeg; path = readingtest_2.jpg; sourceTree = "<group>"; };
		251BB7401D6D13E000A06E39 /* silence.mp3 */ = {isa = PBXFileReference; lastKnownFileType = audio.mp3; name = silence.mp3; path = ../silence.mp3; sourceTree = "<group>"; };
		255544D51DCEB04F00441B9C /* ASValueTrackingSlider.h */ = {isa = PBXFileReference; fileEncoding = 4; lastKnownFileType = sourcecode.c.h; path = ASValueTrackingSlider.h; sourceTree = "<group>"; };
		255544D61DCEB04F00441B9C /* ASValueTrackingSlider.m */ = {isa = PBXFileReference; fileEncoding = 4; lastKnownFileType = sourcecode.c.objc; path = ASValueTrackingSlider.m; sourceTree = "<group>"; };
		255544D81DCEB16100441B9C /* ASValuePopUpView.h */ = {isa = PBXFileReference; fileEncoding = 4; lastKnownFileType = sourcecode.c.h; path = ASValuePopUpView.h; sourceTree = "<group>"; };
		255544D91DCEB16100441B9C /* ASValuePopUpView.m */ = {isa = PBXFileReference; fileEncoding = 4; lastKnownFileType = sourcecode.c.objc; path = ASValuePopUpView.m; sourceTree = "<group>"; };
		2569BB601BF8D1F400B5A3D4 /* ReadingTest2Controller.h */ = {isa = PBXFileReference; fileEncoding = 4; lastKnownFileType = sourcecode.c.h; path = ReadingTest2Controller.h; sourceTree = "<group>"; };
		2569BB611BF8D1F400B5A3D4 /* ReadingTest2Controller.m */ = {isa = PBXFileReference; fileEncoding = 4; lastKnownFileType = sourcecode.c.objc; path = ReadingTest2Controller.m; sourceTree = "<group>"; };
		2586329D1F7EB838003A36D9 /* Podfile */ = {isa = PBXFileReference; fileEncoding = 4; lastKnownFileType = text; path = Podfile; sourceTree = "<group>"; };
		2587FEB21BF27D9700383823 /* cookieTheft.jpg */ = {isa = PBXFileReference; lastKnownFileType = image.jpeg; path = cookieTheft.jpg; sourceTree = "<group>"; };
		2587FEB61BF3C63300383823 /* ReadingTestHome.h */ = {isa = PBXFileReference; fileEncoding = 4; lastKnownFileType = sourcecode.c.h; path = ReadingTestHome.h; sourceTree = "<group>"; };
		2587FEB71BF3C63300383823 /* ReadingTestHome.m */ = {isa = PBXFileReference; fileEncoding = 4; lastKnownFileType = sourcecode.c.objc; path = ReadingTestHome.m; sourceTree = "<group>"; };
		2587FEB91BF51B2A00383823 /* ReadingTest1Controller.h */ = {isa = PBXFileReference; fileEncoding = 4; lastKnownFileType = sourcecode.c.h; path = ReadingTest1Controller.h; sourceTree = "<group>"; };
		2587FEBA1BF51B2A00383823 /* ReadingTest1Controller.m */ = {isa = PBXFileReference; fileEncoding = 4; lastKnownFileType = sourcecode.c.objc; path = ReadingTest1Controller.m; sourceTree = "<group>"; };
		259D4AF51DC977D100473E92 /* CustomIOSAlertView.h */ = {isa = PBXFileReference; fileEncoding = 4; lastKnownFileType = sourcecode.c.h; path = CustomIOSAlertView.h; sourceTree = "<group>"; };
		259D4AF61DC977D100473E92 /* CustomIOSAlertView.m */ = {isa = PBXFileReference; fileEncoding = 4; lastKnownFileType = sourcecode.c.objc; path = CustomIOSAlertView.m; sourceTree = "<group>"; };
		25A5B99C1BBC478A00F45A73 /* button_reading.png */ = {isa = PBXFileReference; lastKnownFileType = image.png; path = button_reading.png; sourceTree = "<group>"; };
		25B645EA1DBA7DE100AE6458 /* PageContentViewController.h */ = {isa = PBXFileReference; fileEncoding = 4; lastKnownFileType = sourcecode.c.h; path = PageContentViewController.h; sourceTree = "<group>"; };
		25B645EB1DBA7DE100AE6458 /* PageContentViewController.m */ = {isa = PBXFileReference; fileEncoding = 4; lastKnownFileType = sourcecode.c.objc; path = PageContentViewController.m; sourceTree = "<group>"; };
		25B645EC1DBA7DE100AE6458 /* ReadingTest3Controller.h */ = {isa = PBXFileReference; fileEncoding = 4; lastKnownFileType = sourcecode.c.h; path = ReadingTest3Controller.h; sourceTree = "<group>"; };
		25B645ED1DBA7DE100AE6458 /* ReadingTest3Controller.m */ = {isa = PBXFileReference; fileEncoding = 4; lastKnownFileType = sourcecode.c.objc; path = ReadingTest3Controller.m; sourceTree = "<group>"; };
		25B645EE1DBA7DE100AE6458 /* ReadingTest4Controller.h */ = {isa = PBXFileReference; fileEncoding = 4; lastKnownFileType = sourcecode.c.h; path = ReadingTest4Controller.h; sourceTree = "<group>"; };
		25B645EF1DBA7DE100AE6458 /* ReadingTest4Controller.m */ = {isa = PBXFileReference; fileEncoding = 4; lastKnownFileType = sourcecode.c.objc; path = ReadingTest4Controller.m; sourceTree = "<group>"; };
		25B645F01DBA7DE100AE6458 /* ReadingTestController.h */ = {isa = PBXFileReference; fileEncoding = 4; lastKnownFileType = sourcecode.c.h; path = ReadingTestController.h; sourceTree = "<group>"; };
		25B645F11DBA7DE100AE6458 /* ReadingTestController.m */ = {isa = PBXFileReference; fileEncoding = 4; lastKnownFileType = sourcecode.c.objc; path = ReadingTestController.m; sourceTree = "<group>"; };
		25B645F71DBA7DED00AE6458 /* ReadingTestViewController.m */ = {isa = PBXFileReference; fileEncoding = 4; lastKnownFileType = sourcecode.c.objc; path = ReadingTestViewController.m; sourceTree = "<group>"; };
		25B645FC1DBAAED700AE6458 /* airplane.png */ = {isa = PBXFileReference; lastKnownFileType = image.png; name = airplane.png; path = images/airplane.png; sourceTree = "<group>"; };
		25B645FD1DBAAED700AE6458 /* ball.png */ = {isa = PBXFileReference; lastKnownFileType = image.png; name = ball.png; path = images/ball.png; sourceTree = "<group>"; };
		25B645FE1DBAAED700AE6458 /* balloons.png */ = {isa = PBXFileReference; lastKnownFileType = image.png; name = balloons.png; path = images/balloons.png; sourceTree = "<group>"; };
		25B645FF1DBAAED700AE6458 /* bath.jpg */ = {isa = PBXFileReference; lastKnownFileType = image.jpeg; name = bath.jpg; path = images/bath.jpg; sourceTree = "<group>"; };
		25B646001DBAAED700AE6458 /* bathtub.png */ = {isa = PBXFileReference; lastKnownFileType = image.png; name = bathtub.png; path = images/bathtub.png; sourceTree = "<group>"; };
		25B646011DBAAED700AE6458 /* blue.png */ = {isa = PBXFileReference; lastKnownFileType = image.png; name = blue.png; path = images/blue.png; sourceTree = "<group>"; };
		25B646021DBAAED700AE6458 /* brush.png */ = {isa = PBXFileReference; lastKnownFileType = image.png; name = brush.png; path = images/brush.png; sourceTree = "<group>"; };
		25B646031DBAAED700AE6458 /* car.png */ = {isa = PBXFileReference; lastKnownFileType = image.png; name = car.png; path = images/car.png; sourceTree = "<group>"; };
		25B646041DBAAED700AE6458 /* carrot.png */ = {isa = PBXFileReference; lastKnownFileType = image.png; name = carrot.png; path = images/carrot.png; sourceTree = "<group>"; };
		25B646051DBAAED700AE6458 /* chair.png */ = {isa = PBXFileReference; lastKnownFileType = image.png; name = chair.png; path = images/chair.png; sourceTree = "<group>"; };
		25B646061DBAAED700AE6458 /* clown.png */ = {isa = PBXFileReference; lastKnownFileType = image.png; name = clown.png; path = images/clown.png; sourceTree = "<group>"; };
		25B646071DBAAED700AE6458 /* crying.png */ = {isa = PBXFileReference; lastKnownFileType = image.png; name = crying.png; path = images/crying.png; sourceTree = "<group>"; };
		25B646081DBAAED700AE6458 /* cup.png */ = {isa = PBXFileReference; lastKnownFileType = image.png; name = cup.png; path = images/cup.png; sourceTree = "<group>"; };
		25B646091DBAAED700AE6458 /* drum.png */ = {isa = PBXFileReference; lastKnownFileType = image.png; name = drum.png; path = images/drum.png; sourceTree = "<group>"; };
		25B6460A1DBAAED700AE6458 /* duck.png */ = {isa = PBXFileReference; lastKnownFileType = image.png; name = duck.png; path = images/duck.png; sourceTree = "<group>"; };
		25B6460B1DBAAED700AE6458 /* feather.png */ = {isa = PBXFileReference; lastKnownFileType = image.png; name = feather.png; path = images/feather.png; sourceTree = "<group>"; };
		25B6460C1DBAAED700AE6458 /* fingers.png */ = {isa = PBXFileReference; lastKnownFileType = image.png; name = fingers.png; path = images/fingers.png; sourceTree = "<group>"; };
		25B6460D1DBAAED700AE6458 /* fishing.png */ = {isa = PBXFileReference; lastKnownFileType = image.png; name = fishing.png; path = images/fishing.png; sourceTree = "<group>"; };
		25B6460E1DBAAED700AE6458 /* five.png */ = {isa = PBXFileReference; lastKnownFileType = image.png; name = five.png; path = images/five.png; sourceTree = "<group>"; };
		25B6460F1DBAAED700AE6458 /* flowers.png */ = {isa = PBXFileReference; lastKnownFileType = image.png; name = flowers.png; path = images/flowers.png; sourceTree = "<group>"; };
		25B646101DBAAED700AE6458 /* frog.png */ = {isa = PBXFileReference; lastKnownFileType = image.png; name = frog.png; path = images/frog.png; sourceTree = "<group>"; };
		25B646111DBAAED700AE6458 /* girl.png */ = {isa = PBXFileReference; lastKnownFileType = image.png; name = girl.png; path = images/girl.png; sourceTree = "<group>"; };
		25B646121DBAAED700AE6458 /* glasses.png */ = {isa = PBXFileReference; lastKnownFileType = image.png; name = glasses.png; path = images/glasses.png; sourceTree = "<group>"; };
		25B646131DBAAED700AE6458 /* green.jpg */ = {isa = PBXFileReference; lastKnownFileType = image.jpeg; name = green.jpg; path = images/green.jpg; sourceTree = "<group>"; };
		25B646141DBAAED700AE6458 /* house.png */ = {isa = PBXFileReference; lastKnownFileType = image.png; name = house.png; path = images/house.png; sourceTree = "<group>"; };
		25B646151DBAAED700AE6458 /* jump.png */ = {isa = PBXFileReference; lastKnownFileType = image.png; name = jump.png; path = images/jump.png; sourceTree = "<group>"; };
		25B646161DBAAED700AE6458 /* knife.png */ = {isa = PBXFileReference; lastKnownFileType = image.png; name = knife.png; path = images/knife.png; sourceTree = "<group>"; };
		25B646171DBAAED700AE6458 /* lamp.png */ = {isa = PBXFileReference; lastKnownFileType = image.png; name = lamp.png; path = images/lamp.png; sourceTree = "<group>"; };
		25B646181DBAAED700AE6458 /* monkey.png */ = {isa = PBXFileReference; lastKnownFileType = image.png; name = monkey.png; path = images/monkey.png; sourceTree = "<group>"; };
		25B646191DBAAED700AE6458 /* orange.png */ = {isa = PBXFileReference; lastKnownFileType = image.png; name = orange.png; path = images/orange.png; sourceTree = "<group>"; };
		25B6461A1DBAAED700AE6458 /* pajamas.png */ = {isa = PBXFileReference; lastKnownFileType = image.png; name = pajamas.png; path = images/pajamas.png; sourceTree = "<group>"; };
		25B6461B1DBAAED700AE6458 /* pencil.png */ = {isa = PBXFileReference; lastKnownFileType = image.png; name = pencil.png; path = images/pencil.png; sourceTree = "<group>"; };
		25B6461C1DBAAED700AE6458 /* plane.png */ = {isa = PBXFileReference; lastKnownFileType = image.png; name = plane.png; path = images/plane.png; sourceTree = "<group>"; };
		25B6461D1DBAAED700AE6458 /* quack.png */ = {isa = PBXFileReference; lastKnownFileType = image.png; name = quack.png; path = images/quack.png; sourceTree = "<group>"; };
		25B6461E1DBAAED700AE6458 /* rabbit.png */ = {isa = PBXFileReference; lastKnownFileType = image.png; name = rabbit.png; path = images/rabbit.png; sourceTree = "<group>"; };
		25B6461F1DBAAED700AE6458 /* ring.png */ = {isa = PBXFileReference; lastKnownFileType = image.png; name = ring.png; path = images/ring.png; sourceTree = "<group>"; };
		25B646201DBAAED700AE6458 /* scissors.png */ = {isa = PBXFileReference; lastKnownFileType = image.png; name = scissors.png; path = images/scissors.png; sourceTree = "<group>"; };
		25B646211DBAAED700AE6458 /* shovel.png */ = {isa = PBXFileReference; lastKnownFileType = image.png; name = shovel.png; path = images/shovel.png; sourceTree = "<group>"; };
		25B646221DBAAED700AE6458 /* slide.png */ = {isa = PBXFileReference; lastKnownFileType = image.png; name = slide.png; path = images/slide.png; sourceTree = "<group>"; };
		25B646231DBAAED700AE6458 /* spoon.png */ = {isa = PBXFileReference; lastKnownFileType = image.png; name = spoon.png; path = images/spoon.png; sourceTree = "<group>"; };
		25B646241DBAAED700AE6458 /* stars.png */ = {isa = PBXFileReference; lastKnownFileType = image.png; name = stars.png; path = images/stars.png; sourceTree = "<group>"; };
		25B646251DBAAED700AE6458 /* swimming.png */ = {isa = PBXFileReference; lastKnownFileType = image.png; name = swimming.png; path = images/swimming.png; sourceTree = "<group>"; };
		25B646261DBAAED700AE6458 /* telephone.png */ = {isa = PBXFileReference; lastKnownFileType = image.png; name = telephone.png; path = images/telephone.png; sourceTree = "<group>"; };
		25B646271DBAAED700AE6458 /* thumb.png */ = {isa = PBXFileReference; lastKnownFileType = image.png; name = thumb.png; path = images/thumb.png; sourceTree = "<group>"; };
		25B646281DBAAED700AE6458 /* tree.png */ = {isa = PBXFileReference; lastKnownFileType = image.png; name = tree.png; path = images/tree.png; sourceTree = "<group>"; };
		25B646291DBAAED700AE6458 /* vacuum.png */ = {isa = PBXFileReference; lastKnownFileType = image.png; name = vacuum.png; path = images/vacuum.png; sourceTree = "<group>"; };
		25B6462A1DBAAED700AE6458 /* wagon.png */ = {isa = PBXFileReference; lastKnownFileType = image.png; name = wagon.png; path = images/wagon.png; sourceTree = "<group>"; };
		25B6462B1DBAAED700AE6458 /* watch.png */ = {isa = PBXFileReference; lastKnownFileType = image.png; name = watch.png; path = images/watch.png; sourceTree = "<group>"; };
		25B6462C1DBAAED700AE6458 /* watches.png */ = {isa = PBXFileReference; lastKnownFileType = image.png; name = watches.png; path = images/watches.png; sourceTree = "<group>"; };
		25B6462D1DBAAED700AE6458 /* window.png */ = {isa = PBXFileReference; lastKnownFileType = image.png; name = window.png; path = images/window.png; sourceTree = "<group>"; };
		25B6462E1DBAAED700AE6458 /* yellow.png */ = {isa = PBXFileReference; lastKnownFileType = image.png; name = yellow.png; path = images/yellow.png; sourceTree = "<group>"; };
		25B6462F1DBAAED700AE6458 /* zipper.png */ = {isa = PBXFileReference; lastKnownFileType = image.png; name = zipper.png; path = images/zipper.png; sourceTree = "<group>"; };
		25B646641DBAB53700AE6458 /* readingtest_0.jpg */ = {isa = PBXFileReference; lastKnownFileType = image.jpeg; path = readingtest_0.jpg; sourceTree = "<group>"; };
		25B646661DBAB84400AE6458 /* EmotionViewController.h */ = {isa = PBXFileReference; fileEncoding = 4; lastKnownFileType = sourcecode.c.h; path = EmotionViewController.h; sourceTree = "<group>"; };
		25B646671DBAB84D00AE6458 /* EmotionViewController.m */ = {isa = PBXFileReference; fileEncoding = 4; lastKnownFileType = sourcecode.c.objc; path = EmotionViewController.m; sourceTree = "<group>"; };
		25CC49FF1AC9D51000F0BDF6 /* Record_supervised.tif */ = {isa = PBXFileReference; lastKnownFileType = image.tiff; path = Record_supervised.tif; sourceTree = "<group>"; };
		25CC4A001AC9D51000F0BDF6 /* Record_unsupervised.tif */ = {isa = PBXFileReference; lastKnownFileType = image.tiff; path = Record_unsupervised.tif; sourceTree = "<group>"; };
		25CC4A031ACB2ACE00F0BDF6 /* checked.png */ = {isa = PBXFileReference; lastKnownFileType = image.png; path = checked.png; sourceTree = "<group>"; };
		25CC4A041ACB2ACE00F0BDF6 /* checked@2x.png */ = {isa = PBXFileReference; lastKnownFileType = image.png; path = "checked@2x.png"; sourceTree = "<group>"; };
		25CC4A051ACB2ACE00F0BDF6 /* unchecked.png */ = {isa = PBXFileReference; lastKnownFileType = image.png; path = unchecked.png; sourceTree = "<group>"; };
		25CC4A061ACB2ACE00F0BDF6 /* unchecked@2x.png */ = {isa = PBXFileReference; lastKnownFileType = image.png; path = "unchecked@2x.png"; sourceTree = "<group>"; };
		25D634321F7EE5E300EEBA82 /* AWSDataManager.m */ = {isa = PBXFileReference; fileEncoding = 4; lastKnownFileType = sourcecode.c.objc; path = AWSDataManager.m; sourceTree = "<group>"; };
		25D634341F7F00E700EEBA82 /* AWSDataManager.h */ = {isa = PBXFileReference; lastKnownFileType = sourcecode.c.h; path = AWSDataManager.h; sourceTree = "<group>"; };
		25D634351F7F181500EEBA82 /* DropboxSDK.framework */ = {isa = PBXFileReference; lastKnownFileType = wrapper.framework; name = DropboxSDK.framework; path = VoiceRecorder/DropboxSDK.framework; sourceTree = "<group>"; };
		25DB59BD1BFA33A9009B1337 /* readingtestButton.png */ = {isa = PBXFileReference; lastKnownFileType = image.png; path = readingtestButton.png; sourceTree = "<group>"; };
		25F1E31F1F807F7400A099FE /* Reachability.m */ = {isa = PBXFileReference; fileEncoding = 4; lastKnownFileType = sourcecode.c.objc; path = Reachability.m; sourceTree = "<group>"; };
		25F1E3201F807F7400A099FE /* Reachability.h */ = {isa = PBXFileReference; fileEncoding = 4; lastKnownFileType = sourcecode.c.h; path = Reachability.h; sourceTree = "<group>"; };
		25F770B51AC06DCA00167320 /* Play_Black.tif */ = {isa = PBXFileReference; lastKnownFileType = image.tiff; path = Play_Black.tif; sourceTree = "<group>"; };
		25F770B61AC06DCA00167320 /* Play_Red.tif */ = {isa = PBXFileReference; lastKnownFileType = image.tiff; path = Play_Red.tif; sourceTree = "<group>"; };
		25F770B71AC06DCA00167320 /* Record_Black.tif */ = {isa = PBXFileReference; lastKnownFileType = image.tiff; path = Record_Black.tif; sourceTree = "<group>"; };
		25F770B81AC06DCA00167320 /* Record_Red-2.tif */ = {isa = PBXFileReference; lastKnownFileType = image.tiff; path = "Record_Red-2.tif"; sourceTree = "<group>"; };
		25F770B91AC06DCA00167320 /* Record_Red.tif */ = {isa = PBXFileReference; lastKnownFileType = image.tiff; path = Record_Red.tif; sourceTree = "<group>"; };
		25F770BA1AC06DCA00167320 /* Square_Black.tif */ = {isa = PBXFileReference; lastKnownFileType = image.tiff; path = Square_Black.tif; sourceTree = "<group>"; };
		25F770BB1AC06DCA00167320 /* Stop_Red.tif */ = {isa = PBXFileReference; lastKnownFileType = image.tiff; path = Stop_Red.tif; sourceTree = "<group>"; };
		25F770BC1AC06DCA00167320 /* Upload_Black.tif */ = {isa = PBXFileReference; lastKnownFileType = image.tiff; path = Upload_Black.tif; sourceTree = "<group>"; };
		25F770BD1AC06DCA00167320 /* Upload_Red.tif */ = {isa = PBXFileReference; lastKnownFileType = image.tiff; path = Upload_Red.tif; sourceTree = "<group>"; };
		25F770CA1AC8DE7A00167320 /* icon.png */ = {isa = PBXFileReference; lastKnownFileType = image.png; path = icon.png; sourceTree = "<group>"; };
		25FA0F521DDA999700EBBF31 /* story1_5.jpg */ = {isa = PBXFileReference; lastKnownFileType = image.jpeg; name = story1_5.jpg; path = images/story1_5.jpg; sourceTree = "<group>"; };
		25FA0F531DDA999700EBBF31 /* story1_4.jpg */ = {isa = PBXFileReference; lastKnownFileType = image.jpeg; name = story1_4.jpg; path = images/story1_4.jpg; sourceTree = "<group>"; };
		25FA0F541DDA999700EBBF31 /* story1_3.jpg */ = {isa = PBXFileReference; lastKnownFileType = image.jpeg; name = story1_3.jpg; path = images/story1_3.jpg; sourceTree = "<group>"; };
		25FA0F551DDA999700EBBF31 /* story1_2.jpg */ = {isa = PBXFileReference; lastKnownFileType = image.jpeg; name = story1_2.jpg; path = images/story1_2.jpg; sourceTree = "<group>"; };
		25FA0F561DDA999700EBBF31 /* story1_1.jpg */ = {isa = PBXFileReference; lastKnownFileType = image.jpeg; name = story1_1.jpg; path = images/story1_1.jpg; sourceTree = "<group>"; };
		25FA0F571DDA999700EBBF31 /* story2_1.jpg */ = {isa = PBXFileReference; lastKnownFileType = image.jpeg; name = story2_1.jpg; path = images/story2_1.jpg; sourceTree = "<group>"; };
		25FA0F581DDA999700EBBF31 /* story2_2.jpg */ = {isa = PBXFileReference; lastKnownFileType = image.jpeg; name = story2_2.jpg; path = images/story2_2.jpg; sourceTree = "<group>"; };
		25FA0F591DDA999700EBBF31 /* story2_3.jpg */ = {isa = PBXFileReference; lastKnownFileType = image.jpeg; name = story2_3.jpg; path = images/story2_3.jpg; sourceTree = "<group>"; };
		25FA0F5A1DDA999700EBBF31 /* story2_4.jpg */ = {isa = PBXFileReference; lastKnownFileType = image.jpeg; name = story2_4.jpg; path = images/story2_4.jpg; sourceTree = "<group>"; };
		25FABC7D1DCA6CB00075561E /* JMMarkSlider.h */ = {isa = PBXFileReference; fileEncoding = 4; lastKnownFileType = sourcecode.c.h; path = JMMarkSlider.h; sourceTree = "<group>"; };
		25FABC7E1DCA6CB00075561E /* JMMarkSlider.m */ = {isa = PBXFileReference; fileEncoding = 4; lastKnownFileType = sourcecode.c.objc; path = JMMarkSlider.m; sourceTree = "<group>"; };
		8BDD2995A9CF754D130ED7EB /* Pods-VoiceRecorder.release.xcconfig */ = {isa = PBXFileReference; includeInIndex = 1; lastKnownFileType = text.xcconfig; name = "Pods-VoiceRecorder.release.xcconfig"; path = "Pods/Target Support Files/Pods-VoiceRecorder/Pods-VoiceRecorder.release.xcconfig"; sourceTree = "<group>"; };
		8D8F228A2476D7976ECB8117 /* Pods-VoiceRecorder.debug.xcconfig */ = {isa = PBXFileReference; includeInIndex = 1; lastKnownFileType = text.xcconfig; name = "Pods-VoiceRecorder.debug.xcconfig"; path = "Pods/Target Support Files/Pods-VoiceRecorder/Pods-VoiceRecorder.debug.xcconfig"; sourceTree = "<group>"; };
		E84927A719DB5C35005ACA9B /* VoiceRecorder.app */ = {isa = PBXFileReference; explicitFileType = wrapper.application; includeInIndex = 0; path = VoiceRecorder.app; sourceTree = BUILT_PRODUCTS_DIR; };
		E84927AB19DB5C35005ACA9B /* Info.plist */ = {isa = PBXFileReference; lastKnownFileType = text.plist.xml; path = Info.plist; sourceTree = "<group>"; };
		E84927AC19DB5C35005ACA9B /* main.m */ = {isa = PBXFileReference; lastKnownFileType = sourcecode.c.objc; path = main.m; sourceTree = "<group>"; };
		E84927AE19DB5C35005ACA9B /* AppDelegate.h */ = {isa = PBXFileReference; lastKnownFileType = sourcecode.c.h; path = AppDelegate.h; sourceTree = "<group>"; };
		E84927AF19DB5C35005ACA9B /* AppDelegate.m */ = {isa = PBXFileReference; lastKnownFileType = sourcecode.c.objc; path = AppDelegate.m; sourceTree = "<group>"; };
		E84927B119DB5C35005ACA9B /* ViewController.h */ = {isa = PBXFileReference; lastKnownFileType = sourcecode.c.h; path = ViewController.h; sourceTree = "<group>"; };
		E84927B219DB5C35005ACA9B /* ViewController.m */ = {isa = PBXFileReference; lastKnownFileType = sourcecode.c.objc; path = ViewController.m; sourceTree = "<group>"; };
		E84927B719DB5C35005ACA9B /* Images.xcassets */ = {isa = PBXFileReference; lastKnownFileType = folder.assetcatalog; path = Images.xcassets; sourceTree = "<group>"; };
		E84927BA19DB5C35005ACA9B /* Base */ = {isa = PBXFileReference; lastKnownFileType = file.xib; name = Base; path = Base.lproj/LaunchScreen.xib; sourceTree = "<group>"; };
		E84927C019DB5C35005ACA9B /* VoiceRecorderTests.xctest */ = {isa = PBXFileReference; explicitFileType = wrapper.cfbundle; includeInIndex = 0; path = VoiceRecorderTests.xctest; sourceTree = BUILT_PRODUCTS_DIR; };
		E84927C519DB5C35005ACA9B /* Info.plist */ = {isa = PBXFileReference; lastKnownFileType = text.plist.xml; path = Info.plist; sourceTree = "<group>"; };
		E84927C619DB5C35005ACA9B /* VoiceRecorderTests.m */ = {isa = PBXFileReference; lastKnownFileType = sourcecode.c.objc; path = VoiceRecorderTests.m; sourceTree = "<group>"; };
		E88889611A3782490092B5B4 /* QuartzCore.framework */ = {isa = PBXFileReference; lastKnownFileType = wrapper.framework; name = QuartzCore.framework; path = System/Library/Frameworks/QuartzCore.framework; sourceTree = SDKROOT; };
		E88889631A37824E0092B5B4 /* Security.framework */ = {isa = PBXFileReference; lastKnownFileType = wrapper.framework; name = Security.framework; path = System/Library/Frameworks/Security.framework; sourceTree = SDKROOT; };
		E93774A51A79682E00FEA9C4 /* AVFoundation.framework */ = {isa = PBXFileReference; lastKnownFileType = wrapper.framework; name = AVFoundation.framework; path = System/Library/Frameworks/AVFoundation.framework; sourceTree = SDKROOT; };
		E937C5131A91675F006CE41E /* DevelopmentSettings.h */ = {isa = PBXFileReference; lastKnownFileType = sourcecode.c.h; path = DevelopmentSettings.h; sourceTree = "<group>"; };
		E937C5141A917852006CE41E /* DevelopmentInterfaceViewController.h */ = {isa = PBXFileReference; fileEncoding = 4; lastKnownFileType = sourcecode.c.h; path = DevelopmentInterfaceViewController.h; sourceTree = "<group>"; };
		E937C5151A917852006CE41E /* DevelopmentInterfaceViewController.m */ = {isa = PBXFileReference; fileEncoding = 4; lastKnownFileType = sourcecode.c.objc; path = DevelopmentInterfaceViewController.m; sourceTree = "<group>"; };
		E937C5181A917B68006CE41E /* DevelopmentSettings.m */ = {isa = PBXFileReference; fileEncoding = 4; lastKnownFileType = sourcecode.c.objc; path = DevelopmentSettings.m; sourceTree = "<group>"; };
/* End PBXFileReference section */

/* Begin PBXFrameworksBuildPhase section */
		E84927A419DB5C35005ACA9B /* Frameworks */ = {
			isa = PBXFrameworksBuildPhase;
			buildActionMask = 2147483647;
			files = (
				E93774A61A79682E00FEA9C4 /* AVFoundation.framework in Frameworks */,
				E88889641A37824E0092B5B4 /* Security.framework in Frameworks */,
				E88889621A3782490092B5B4 /* QuartzCore.framework in Frameworks */,
				25D634361F7F181500EEBA82 /* DropboxSDK.framework in Frameworks */,
				12ACE12FEB52F735E650134D /* Pods_VoiceRecorder.framework in Frameworks */,
			);
			runOnlyForDeploymentPostprocessing = 0;
		};
		E84927BD19DB5C35005ACA9B /* Frameworks */ = {
			isa = PBXFrameworksBuildPhase;
			buildActionMask = 2147483647;
			files = (
			);
			runOnlyForDeploymentPostprocessing = 0;
		};
/* End PBXFrameworksBuildPhase section */

/* Begin PBXGroup section */
		259D4AE01DC6F8E200473E92 /* story */ = {
			isa = PBXGroup;
			children = (
				25FA0F521DDA999700EBBF31 /* story1_5.jpg */,
				25FA0F531DDA999700EBBF31 /* story1_4.jpg */,
				25FA0F541DDA999700EBBF31 /* story1_3.jpg */,
				25FA0F551DDA999700EBBF31 /* story1_2.jpg */,
				25FA0F561DDA999700EBBF31 /* story1_1.jpg */,
				25FA0F571DDA999700EBBF31 /* story2_1.jpg */,
				25FA0F581DDA999700EBBF31 /* story2_2.jpg */,
				25FA0F591DDA999700EBBF31 /* story2_3.jpg */,
				25FA0F5A1DDA999700EBBF31 /* story2_4.jpg */,
			);
			name = story;
			sourceTree = "<group>";
		};
		259D4AF81DC977D900473E92 /* thirdparty */ = {
			isa = PBXGroup;
			children = (
				255544D81DCEB16100441B9C /* ASValuePopUpView.h */,
				255544D91DCEB16100441B9C /* ASValuePopUpView.m */,
				255544D51DCEB04F00441B9C /* ASValueTrackingSlider.h */,
				255544D61DCEB04F00441B9C /* ASValueTrackingSlider.m */,
				25FABC7D1DCA6CB00075561E /* JMMarkSlider.h */,
				25FABC7E1DCA6CB00075561E /* JMMarkSlider.m */,
				259D4AF61DC977D100473E92 /* CustomIOSAlertView.m */,
				259D4AF51DC977D100473E92 /* CustomIOSAlertView.h */,
			);
			name = thirdparty;
			sourceTree = "<group>";
		};
		25B645E91DBA7CB600AE6458 /* ReadingTests */ = {
			isa = PBXGroup;
			children = (
				25B645EA1DBA7DE100AE6458 /* PageContentViewController.h */,
				25B645EB1DBA7DE100AE6458 /* PageContentViewController.m */,
				25B645EC1DBA7DE100AE6458 /* ReadingTest3Controller.h */,
				25B645ED1DBA7DE100AE6458 /* ReadingTest3Controller.m */,
				25B645EE1DBA7DE100AE6458 /* ReadingTest4Controller.h */,
				25B645EF1DBA7DE100AE6458 /* ReadingTest4Controller.m */,
				25B645F01DBA7DE100AE6458 /* ReadingTestController.h */,
				25B645F11DBA7DE100AE6458 /* ReadingTestController.m */,
				2587FEB61BF3C63300383823 /* ReadingTestHome.h */,
				2587FEB71BF3C63300383823 /* ReadingTestHome.m */,
				2587FEB91BF51B2A00383823 /* ReadingTest1Controller.h */,
				2587FEBA1BF51B2A00383823 /* ReadingTest1Controller.m */,
				2569BB601BF8D1F400B5A3D4 /* ReadingTest2Controller.h */,
				2569BB611BF8D1F400B5A3D4 /* ReadingTest2Controller.m */,
			);
			name = ReadingTests;
			sourceTree = "<group>";
		};
		25B645FB1DBAAEB600AE6458 /* words */ = {
			isa = PBXGroup;
			children = (
				25B645FC1DBAAED700AE6458 /* airplane.png */,
				25B645FD1DBAAED700AE6458 /* ball.png */,
				25B645FE1DBAAED700AE6458 /* balloons.png */,
				25B645FF1DBAAED700AE6458 /* bath.jpg */,
				25B646001DBAAED700AE6458 /* bathtub.png */,
				25B646011DBAAED700AE6458 /* blue.png */,
				25B646021DBAAED700AE6458 /* brush.png */,
				25B646031DBAAED700AE6458 /* car.png */,
				25B646041DBAAED700AE6458 /* carrot.png */,
				25B646051DBAAED700AE6458 /* chair.png */,
				25B646061DBAAED700AE6458 /* clown.png */,
				25B646071DBAAED700AE6458 /* crying.png */,
				25B646081DBAAED700AE6458 /* cup.png */,
				25B646091DBAAED700AE6458 /* drum.png */,
				25B6460A1DBAAED700AE6458 /* duck.png */,
				25B6460B1DBAAED700AE6458 /* feather.png */,
				25B6460C1DBAAED700AE6458 /* fingers.png */,
				25B6460D1DBAAED700AE6458 /* fishing.png */,
				25B6460E1DBAAED700AE6458 /* five.png */,
				25B6460F1DBAAED700AE6458 /* flowers.png */,
				25B646101DBAAED700AE6458 /* frog.png */,
				25B646111DBAAED700AE6458 /* girl.png */,
				25B646121DBAAED700AE6458 /* glasses.png */,
				25B646131DBAAED700AE6458 /* green.jpg */,
				25B646141DBAAED700AE6458 /* house.png */,
				25B646151DBAAED700AE6458 /* jump.png */,
				25B646161DBAAED700AE6458 /* knife.png */,
				25B646171DBAAED700AE6458 /* lamp.png */,
				25B646181DBAAED700AE6458 /* monkey.png */,
				25B646191DBAAED700AE6458 /* orange.png */,
				25B6461A1DBAAED700AE6458 /* pajamas.png */,
				25B6461B1DBAAED700AE6458 /* pencil.png */,
				25B6461C1DBAAED700AE6458 /* plane.png */,
				25B6461D1DBAAED700AE6458 /* quack.png */,
				25B6461E1DBAAED700AE6458 /* rabbit.png */,
				25B6461F1DBAAED700AE6458 /* ring.png */,
				25B646201DBAAED700AE6458 /* scissors.png */,
				25B646211DBAAED700AE6458 /* shovel.png */,
				25B646221DBAAED700AE6458 /* slide.png */,
				25B646231DBAAED700AE6458 /* spoon.png */,
				25B646241DBAAED700AE6458 /* stars.png */,
				25B646251DBAAED700AE6458 /* swimming.png */,
				25B646261DBAAED700AE6458 /* telephone.png */,
				25B646271DBAAED700AE6458 /* thumb.png */,
				25B646281DBAAED700AE6458 /* tree.png */,
				25B646291DBAAED700AE6458 /* vacuum.png */,
				25B6462A1DBAAED700AE6458 /* wagon.png */,
				25B6462B1DBAAED700AE6458 /* watch.png */,
				25B6462C1DBAAED700AE6458 /* watches.png */,
				25B6462D1DBAAED700AE6458 /* window.png */,
				25B6462E1DBAAED700AE6458 /* yellow.png */,
				25B6462F1DBAAED700AE6458 /* zipper.png */,
			);
			name = words;
			sourceTree = "<group>";
		};
		25B646691DBAB87100AE6458 /* settings */ = {
			isa = PBXGroup;
			children = (
				250FBB4F1C824D9700B10E89 /* AddUsersViewController.h */,
				250FBB501C824D9700B10E89 /* AddUsersViewController.m */,
				E937C5141A917852006CE41E /* DevelopmentInterfaceViewController.h */,
				E937C5151A917852006CE41E /* DevelopmentInterfaceViewController.m */,
				E937C5131A91675F006CE41E /* DevelopmentSettings.h */,
				E937C5181A917B68006CE41E /* DevelopmentSettings.m */,
			);
			name = settings;
			sourceTree = "<group>";
		};
		5781DEE83368CDFF8F6B88A3 /* Pods */ = {
			isa = PBXGroup;
			children = (
				8D8F228A2476D7976ECB8117 /* Pods-VoiceRecorder.debug.xcconfig */,
				8BDD2995A9CF754D130ED7EB /* Pods-VoiceRecorder.release.xcconfig */,
			);
			name = Pods;
			sourceTree = "<group>";
		};
		D80C69E6B736978D8A058F16 /* Frameworks */ = {
			isa = PBXGroup;
			children = (
				1840B0DCF950CEE768F9F7B0 /* Pods_VoiceRecorder.framework */,
			);
			name = Frameworks;
			sourceTree = "<group>";
		};
		E849279E19DB5C35005ACA9B = {
			isa = PBXGroup;
			children = (
				25D634351F7F181500EEBA82 /* DropboxSDK.framework */,
				2502D9671B261AC4005D7C45 /* Main.storyboard */,
				E93774A51A79682E00FEA9C4 /* AVFoundation.framework */,
				E88889631A37824E0092B5B4 /* Security.framework */,
				E88889611A3782490092B5B4 /* QuartzCore.framework */,
				E84927A919DB5C35005ACA9B /* VoiceRecorder */,
				E84927C319DB5C35005ACA9B /* VoiceRecorderTests */,
				E84927A819DB5C35005ACA9B /* Products */,
				5781DEE83368CDFF8F6B88A3 /* Pods */,
				D80C69E6B736978D8A058F16 /* Frameworks */,
			);
			sourceTree = "<group>";
		};
		E84927A819DB5C35005ACA9B /* Products */ = {
			isa = PBXGroup;
			children = (
				E84927A719DB5C35005ACA9B /* VoiceRecorder.app */,
				E84927C019DB5C35005ACA9B /* VoiceRecorderTests.xctest */,
			);
			name = Products;
			sourceTree = "<group>";
		};
		E84927A919DB5C35005ACA9B /* VoiceRecorder */ = {
			isa = PBXGroup;
			children = (
				25F1E31F1F807F7400A099FE /* Reachability.m */,
				25F1E3201F807F7400A099FE /* Reachability.h */,
				259D4AF81DC977D900473E92 /* thirdparty */,
				25B646691DBAB87100AE6458 /* settings */,
				25B646671DBAB84D00AE6458 /* EmotionViewController.m */,
				25B645F71DBA7DED00AE6458 /* ReadingTestViewController.m */,
				25B646661DBAB84400AE6458 /* EmotionViewController.h */,
				25B645E91DBA7CB600AE6458 /* ReadingTests */,
				250FBB4A1C80E86D00B10E89 /* NamePickerController.h */,
				250FBB4B1C80E86D00B10E89 /* NamePickerController.m */,
				E84927AE19DB5C35005ACA9B /* AppDelegate.h */,
				E84927AF19DB5C35005ACA9B /* AppDelegate.m */,
				E84927B119DB5C35005ACA9B /* ViewController.h */,
				E84927B219DB5C35005ACA9B /* ViewController.m */,
				E84927B719DB5C35005ACA9B /* Images.xcassets */,
				E84927B919DB5C35005ACA9B /* LaunchScreen.xib */,
				E84927AA19DB5C35005ACA9B /* Supporting Files */,
				2586329D1F7EB838003A36D9 /* Podfile */,
				25D634321F7EE5E300EEBA82 /* AWSDataManager.m */,
				25D634341F7F00E700EEBA82 /* AWSDataManager.h */,
			);
			path = VoiceRecorder;
			sourceTree = "<group>";
		};
		E84927AA19DB5C35005ACA9B /* Supporting Files */ = {
			isa = PBXGroup;
			children = (
				2502ED091DD9359F009023A9 /* positiveButton.png */,
				259D4AE01DC6F8E200473E92 /* story */,
				25B645FB1DBAAEB600AE6458 /* words */,
				251BB7401D6D13E000A06E39 /* silence.mp3 */,
				250FBB531C83D19700B10E89 /* readingtest_1.jpg */,
				250FBB541C83D19700B10E89 /* readingtest_8.jpg */,
				25B646641DBAB53700AE6458 /* readingtest_0.jpg */,
				250FBB551C83D19700B10E89 /* readingtest_7.jpg */,
				250FBB561C83D19700B10E89 /* readingtest_6.jpg */,
				250FBB571C83D19700B10E89 /* readingtest_5.jpg */,
				250FBB581C83D19700B10E89 /* readingtest_4.jpg */,
				250FBB591C83D19700B10E89 /* readingtest_3.jpg */,
				250FBB5A1C83D19700B10E89 /* readingtest_2.jpg */,
				25DB59BD1BFA33A9009B1337 /* readingtestButton.png */,
				2587FEB21BF27D9700383823 /* cookieTheft.jpg */,
				25A5B99C1BBC478A00F45A73 /* button_reading.png */,
				2502D9741B264F26005D7C45 /* button-15.png */,
				2502D9721B264EB5005D7C45 /* button-14.png */,
				2502D9701B264E13005D7C45 /* button-12.png */,
				2502D96E1B264DFE005D7C45 /* button-11.png */,
				2502D9611B0FA178005D7C45 /* stop-enabled.png */,
				2502D95D1B0FA05C005D7C45 /* stop-disabled.png */,
				2502D9591B0F9F37005D7C45 /* button-enabled.png */,
				2502D95A1B0F9F37005D7C45 /* button-disabled.png */,
				25CC4A031ACB2ACE00F0BDF6 /* checked.png */,
				25CC4A041ACB2ACE00F0BDF6 /* checked@2x.png */,
				25CC4A051ACB2ACE00F0BDF6 /* unchecked.png */,
				25CC4A061ACB2ACE00F0BDF6 /* unchecked@2x.png */,
				25CC49FF1AC9D51000F0BDF6 /* Record_supervised.tif */,
				25CC4A001AC9D51000F0BDF6 /* Record_unsupervised.tif */,
				25F770CA1AC8DE7A00167320 /* icon.png */,
				25F770B51AC06DCA00167320 /* Play_Black.tif */,
				25F770B61AC06DCA00167320 /* Play_Red.tif */,
				25F770B71AC06DCA00167320 /* Record_Black.tif */,
				25F770B81AC06DCA00167320 /* Record_Red-2.tif */,
				25F770B91AC06DCA00167320 /* Record_Red.tif */,
				25F770BA1AC06DCA00167320 /* Square_Black.tif */,
				25F770BB1AC06DCA00167320 /* Stop_Red.tif */,
				25F770BC1AC06DCA00167320 /* Upload_Black.tif */,
				25F770BD1AC06DCA00167320 /* Upload_Red.tif */,
				E84927AB19DB5C35005ACA9B /* Info.plist */,
				E84927AC19DB5C35005ACA9B /* main.m */,
			);
			name = "Supporting Files";
			sourceTree = "<group>";
		};
		E84927C319DB5C35005ACA9B /* VoiceRecorderTests */ = {
			isa = PBXGroup;
			children = (
				E84927C619DB5C35005ACA9B /* VoiceRecorderTests.m */,
				E84927C419DB5C35005ACA9B /* Supporting Files */,
			);
			path = VoiceRecorderTests;
			sourceTree = "<group>";
		};
		E84927C419DB5C35005ACA9B /* Supporting Files */ = {
			isa = PBXGroup;
			children = (
				E84927C519DB5C35005ACA9B /* Info.plist */,
			);
			name = "Supporting Files";
			sourceTree = "<group>";
		};
/* End PBXGroup section */

/* Begin PBXNativeTarget section */
		E84927A619DB5C35005ACA9B /* VoiceRecorder */ = {
			isa = PBXNativeTarget;
			buildConfigurationList = E84927CA19DB5C35005ACA9B /* Build configuration list for PBXNativeTarget "VoiceRecorder" */;
			buildPhases = (
				E33164043BC07DA499D0E7A9 /* [CP] Check Pods Manifest.lock */,
				E84927A319DB5C35005ACA9B /* Sources */,
				E84927A419DB5C35005ACA9B /* Frameworks */,
				E84927A519DB5C35005ACA9B /* Resources */,
				29D83E9B60AEF85250188F4F /* [CP] Embed Pods Frameworks */,
				8C8C7ABDD27FD99D8536F17A /* [CP] Copy Pods Resources */,
			);
			buildRules = (
			);
			dependencies = (
			);
			name = VoiceRecorder;
			productName = VoiceRecorder;
			productReference = E84927A719DB5C35005ACA9B /* VoiceRecorder.app */;
			productType = "com.apple.product-type.application";
		};
		E84927BF19DB5C35005ACA9B /* VoiceRecorderTests */ = {
			isa = PBXNativeTarget;
			buildConfigurationList = E84927CD19DB5C35005ACA9B /* Build configuration list for PBXNativeTarget "VoiceRecorderTests" */;
			buildPhases = (
				E84927BC19DB5C35005ACA9B /* Sources */,
				E84927BD19DB5C35005ACA9B /* Frameworks */,
				E84927BE19DB5C35005ACA9B /* Resources */,
			);
			buildRules = (
			);
			dependencies = (
				E84927C219DB5C35005ACA9B /* PBXTargetDependency */,
			);
			name = VoiceRecorderTests;
			productName = VoiceRecorderTests;
			productReference = E84927C019DB5C35005ACA9B /* VoiceRecorderTests.xctest */;
			productType = "com.apple.product-type.bundle.unit-test";
		};
/* End PBXNativeTarget section */

/* Begin PBXProject section */
		E849279F19DB5C35005ACA9B /* Project object */ = {
			isa = PBXProject;
			attributes = {
				LastUpgradeCheck = 0730;
				ORGANIZATIONNAME = "University of Notre Dame";
				TargetAttributes = {
					E84927A619DB5C35005ACA9B = {
						CreatedOnToolsVersion = 6.0;
						DevelopmentTeam = 47J734W9F8;
					};
					E84927BF19DB5C35005ACA9B = {
						CreatedOnToolsVersion = 6.0;
						TestTargetID = E84927A619DB5C35005ACA9B;
					};
				};
			};
			buildConfigurationList = E84927A219DB5C35005ACA9B /* Build configuration list for PBXProject "VoiceRecorder" */;
			compatibilityVersion = "Xcode 3.2";
			developmentRegion = English;
			hasScannedForEncodings = 0;
			knownRegions = (
				en,
				Base,
			);
			mainGroup = E849279E19DB5C35005ACA9B;
			productRefGroup = E84927A819DB5C35005ACA9B /* Products */;
			projectDirPath = "";
			projectRoot = "";
			targets = (
				E84927A619DB5C35005ACA9B /* VoiceRecorder */,
				E84927BF19DB5C35005ACA9B /* VoiceRecorderTests */,
			);
		};
/* End PBXProject section */

/* Begin PBXResourcesBuildPhase section */
		E84927A519DB5C35005ACA9B /* Resources */ = {
			isa = PBXResourcesBuildPhase;
			buildActionMask = 2147483647;
			files = (
				25B6465E1DBAAED700AE6458 /* wagon.png in Resources */,
				25B6465A1DBAAED700AE6458 /* telephone.png in Resources */,
				2502D95F1B0FA05C005D7C45 /* stop-disabled.png in Resources */,
				25B646321DBAAED700AE6458 /* balloons.png in Resources */,
				25B6463A1DBAAED700AE6458 /* clown.png in Resources */,
				25B6465B1DBAAED700AE6458 /* thumb.png in Resources */,
				25B6464F1DBAAED700AE6458 /* pencil.png in Resources */,
				25B6465C1DBAAED700AE6458 /* tree.png in Resources */,
				25FA0F5B1DDA999700EBBF31 /* story1_5.jpg in Resources */,
				2502D9731B264EB5005D7C45 /* button-14.png in Resources */,
				2502D9621B0FA178005D7C45 /* stop-enabled.png in Resources */,
				25B646601DBAAED700AE6458 /* watches.png in Resources */,
				25F770C71AC06DCA00167320 /* Upload_Red.tif in Resources */,
				25DB59BE1BFA33A9009B1337 /* readingtestButton.png in Resources */,
				2502D9691B261AC4005D7C45 /* Main.storyboard in Resources */,
				25B646501DBAAED700AE6458 /* plane.png in Resources */,
				25B646341DBAAED700AE6458 /* bathtub.png in Resources */,
				25F770C21AC06DCA00167320 /* Record_Red-2.tif in Resources */,
				25B646531DBAAED700AE6458 /* ring.png in Resources */,
				25B646491DBAAED700AE6458 /* jump.png in Resources */,
				2502D95B1B0F9F37005D7C45 /* button-enabled.png in Resources */,
				2502D95C1B0F9F37005D7C45 /* button-disabled.png in Resources */,
				25B646391DBAAED700AE6458 /* chair.png in Resources */,
				25F770C01AC06DCA00167320 /* Play_Red.tif in Resources */,
				25FA0F5C1DDA999700EBBF31 /* story1_4.jpg in Resources */,
				25F770C31AC06DCA00167320 /* Record_Red.tif in Resources */,
				25B646541DBAAED700AE6458 /* scissors.png in Resources */,
				25B646581DBAAED700AE6458 /* stars.png in Resources */,
				250FBB5F1C83D19700B10E89 /* readingtest_6.jpg in Resources */,
				25B646411DBAAED700AE6458 /* fishing.png in Resources */,
				25F770C51AC06DCA00167320 /* Stop_Red.tif in Resources */,
				25B646301DBAAED700AE6458 /* airplane.png in Resources */,
				25FA0F5E1DDA999700EBBF31 /* story1_2.jpg in Resources */,
				25CC4A071ACB2ACE00F0BDF6 /* checked.png in Resources */,
				25B646481DBAAED700AE6458 /* house.png in Resources */,
				25FA0F621DDA999700EBBF31 /* story2_3.jpg in Resources */,
				25CC4A021AC9D51000F0BDF6 /* Record_unsupervised.tif in Resources */,
				25CC4A0A1ACB2ACE00F0BDF6 /* unchecked@2x.png in Resources */,
				25FA0F601DDA999700EBBF31 /* story2_1.jpg in Resources */,
				25B6463F1DBAAED700AE6458 /* feather.png in Resources */,
				2502D9711B264E13005D7C45 /* button-12.png in Resources */,
				2502ED0A1DD9359F009023A9 /* positiveButton.png in Resources */,
				25B6463B1DBAAED700AE6458 /* crying.png in Resources */,
				2502D96F1B264DFE005D7C45 /* button-11.png in Resources */,
				25CC4A011AC9D51000F0BDF6 /* Record_supervised.tif in Resources */,
				25B646311DBAAED700AE6458 /* ball.png in Resources */,
				25B6464D1DBAAED700AE6458 /* orange.png in Resources */,
				2586329E1F7EB838003A36D9 /* Podfile in Resources */,
				25F770C11AC06DCA00167320 /* Record_Black.tif in Resources */,
				2587FEB31BF27D9700383823 /* cookieTheft.jpg in Resources */,
				25B646631DBAAED700AE6458 /* zipper.png in Resources */,
				250FBB5E1C83D19700B10E89 /* readingtest_7.jpg in Resources */,
				25B6464B1DBAAED700AE6458 /* lamp.png in Resources */,
				25B646371DBAAED700AE6458 /* car.png in Resources */,
				2502D9751B264F26005D7C45 /* button-15.png in Resources */,
				25B646621DBAAED700AE6458 /* yellow.png in Resources */,
				25B646521DBAAED700AE6458 /* rabbit.png in Resources */,
				25F770CB1AC8DE7A00167320 /* icon.png in Resources */,
				25B646551DBAAED700AE6458 /* shovel.png in Resources */,
				25B646571DBAAED700AE6458 /* spoon.png in Resources */,
				251BB7411D6D13E000A06E39 /* silence.mp3 in Resources */,
				E84927BB19DB5C35005ACA9B /* LaunchScreen.xib in Resources */,
				25FA0F631DDA999700EBBF31 /* story2_4.jpg in Resources */,
				25B646451DBAAED700AE6458 /* girl.png in Resources */,
				25B6464C1DBAAED700AE6458 /* monkey.png in Resources */,
				25B6463D1DBAAED700AE6458 /* drum.png in Resources */,
				25B646401DBAAED700AE6458 /* fingers.png in Resources */,
				25B6463C1DBAAED700AE6458 /* cup.png in Resources */,
				25B646611DBAAED700AE6458 /* window.png in Resources */,
				25B646591DBAAED700AE6458 /* swimming.png in Resources */,
				25B646421DBAAED700AE6458 /* five.png in Resources */,
				25FA0F5F1DDA999700EBBF31 /* story1_1.jpg in Resources */,
				25B646431DBAAED700AE6458 /* flowers.png in Resources */,
				25B646361DBAAED700AE6458 /* brush.png in Resources */,
				25B6465F1DBAAED700AE6458 /* watch.png in Resources */,
				25B646331DBAAED700AE6458 /* bath.jpg in Resources */,
				250FBB631C83D19700B10E89 /* readingtest_2.jpg in Resources */,
				25B6464A1DBAAED700AE6458 /* knife.png in Resources */,
				250FBB611C83D19700B10E89 /* readingtest_4.jpg in Resources */,
				25B646461DBAAED700AE6458 /* glasses.png in Resources */,
				25B646351DBAAED700AE6458 /* blue.png in Resources */,
				250FBB601C83D19700B10E89 /* readingtest_5.jpg in Resources */,
				25B646651DBAB53700AE6458 /* readingtest_0.jpg in Resources */,
				25A5B99D1BBC478A00F45A73 /* button_reading.png in Resources */,
				25B646471DBAAED700AE6458 /* green.jpg in Resources */,
				25B6464E1DBAAED700AE6458 /* pajamas.png in Resources */,
				250FBB5C1C83D19700B10E89 /* readingtest_1.jpg in Resources */,
				25FA0F5D1DDA999700EBBF31 /* story1_3.jpg in Resources */,
				25B646441DBAAED700AE6458 /* frog.png in Resources */,
				250FBB5D1C83D19700B10E89 /* readingtest_8.jpg in Resources */,
				25B6465D1DBAAED700AE6458 /* vacuum.png in Resources */,
				250FBB621C83D19700B10E89 /* readingtest_3.jpg in Resources */,
				25F770BF1AC06DCA00167320 /* Play_Black.tif in Resources */,
				25F770C41AC06DCA00167320 /* Square_Black.tif in Resources */,
				25B6463E1DBAAED700AE6458 /* duck.png in Resources */,
				25CC4A081ACB2ACE00F0BDF6 /* checked@2x.png in Resources */,
				25F770C61AC06DCA00167320 /* Upload_Black.tif in Resources */,
				25B646511DBAAED700AE6458 /* quack.png in Resources */,
				25FA0F611DDA999700EBBF31 /* story2_2.jpg in Resources */,
				25CC4A091ACB2ACE00F0BDF6 /* unchecked.png in Resources */,
				25B646561DBAAED700AE6458 /* slide.png in Resources */,
				25B646381DBAAED700AE6458 /* carrot.png in Resources */,
				E84927B819DB5C35005ACA9B /* Images.xcassets in Resources */,
			);
			runOnlyForDeploymentPostprocessing = 0;
		};
		E84927BE19DB5C35005ACA9B /* Resources */ = {
			isa = PBXResourcesBuildPhase;
			buildActionMask = 2147483647;
			files = (
			);
			runOnlyForDeploymentPostprocessing = 0;
		};
/* End PBXResourcesBuildPhase section */

/* Begin PBXShellScriptBuildPhase section */
		29D83E9B60AEF85250188F4F /* [CP] Embed Pods Frameworks */ = {
			isa = PBXShellScriptBuildPhase;
			buildActionMask = 2147483647;
			files = (
			);
			inputPaths = (
			);
			name = "[CP] Embed Pods Frameworks";
			outputPaths = (
			);
			runOnlyForDeploymentPostprocessing = 0;
			shellPath = /bin/sh;
			shellScript = "\"${SRCROOT}/Pods/Target Support Files/Pods-VoiceRecorder/Pods-VoiceRecorder-frameworks.sh\"\n";
			showEnvVarsInLog = 0;
		};
		8C8C7ABDD27FD99D8536F17A /* [CP] Copy Pods Resources */ = {
			isa = PBXShellScriptBuildPhase;
			buildActionMask = 2147483647;
			files = (
			);
			inputPaths = (
			);
			name = "[CP] Copy Pods Resources";
			outputPaths = (
			);
			runOnlyForDeploymentPostprocessing = 0;
			shellPath = /bin/sh;
			shellScript = "\"${SRCROOT}/Pods/Target Support Files/Pods-VoiceRecorder/Pods-VoiceRecorder-resources.sh\"\n";
			showEnvVarsInLog = 0;
		};
		E33164043BC07DA499D0E7A9 /* [CP] Check Pods Manifest.lock */ = {
			isa = PBXShellScriptBuildPhase;
			buildActionMask = 2147483647;
			files = (
			);
			inputPaths = (
			);
			name = "[CP] Check Pods Manifest.lock";
			outputPaths = (
			);
			runOnlyForDeploymentPostprocessing = 0;
			shellPath = /bin/sh;
			shellScript = "diff \"${PODS_ROOT}/../Podfile.lock\" \"${PODS_ROOT}/Manifest.lock\" > /dev/null\nif [ $? != 0 ] ; then\n    # print error to STDERR\n    echo \"error: The sandbox is not in sync with the Podfile.lock. Run 'pod install' or update your CocoaPods installation.\" >&2\n    exit 1\nfi\n";
			showEnvVarsInLog = 0;
		};
/* End PBXShellScriptBuildPhase section */

/* Begin PBXSourcesBuildPhase section */
		E84927A319DB5C35005ACA9B /* Sources */ = {
			isa = PBXSourcesBuildPhase;
			buildActionMask = 2147483647;
			files = (
				E937C5171A917B16006CE41E /* DevelopmentInterfaceViewController.m in Sources */,
				255544DA1DCEB16100441B9C /* ASValuePopUpView.m in Sources */,
				259D4AF71DC977D100473E92 /* CustomIOSAlertView.m in Sources */,
				25FABC7F1DCA6CB00075561E /* JMMarkSlider.m in Sources */,
				2569BB621BF8D1F400B5A3D4 /* ReadingTest2Controller.m in Sources */,
				25D634331F7EE5E300EEBA82 /* AWSDataManager.m in Sources */,
				25B645F61DBA7DE100AE6458 /* ReadingTestController.m in Sources */,
				250FBB511C824D9700B10E89 /* AddUsersViewController.m in Sources */,
				2587FEBB1BF51B2A00383823 /* ReadingTest1Controller.m in Sources */,
				25B645F51DBA7DE100AE6458 /* ReadingTest4Controller.m in Sources */,
				25B645F31DBA7DE100AE6458 /* PageContentViewController.m in Sources */,
				25B645F41DBA7DE100AE6458 /* ReadingTest3Controller.m in Sources */,
				E84927B319DB5C35005ACA9B /* ViewController.m in Sources */,
				E84927B019DB5C35005ACA9B /* AppDelegate.m in Sources */,
				25F1E3211F807F7400A099FE /* Reachability.m in Sources */,
				E937C5191A917B68006CE41E /* DevelopmentSettings.m in Sources */,
				2587FEB81BF3C63300383823 /* ReadingTestHome.m in Sources */,
				25B646681DBAB84D00AE6458 /* EmotionViewController.m in Sources */,
				250FBB4C1C80E86D00B10E89 /* NamePickerController.m in Sources */,
				E84927AD19DB5C35005ACA9B /* main.m in Sources */,
				25B645F81DBA7DED00AE6458 /* ReadingTestViewController.m in Sources */,
				255544D71DCEB04F00441B9C /* ASValueTrackingSlider.m in Sources */,
			);
			runOnlyForDeploymentPostprocessing = 0;
		};
		E84927BC19DB5C35005ACA9B /* Sources */ = {
			isa = PBXSourcesBuildPhase;
			buildActionMask = 2147483647;
			files = (
				E84927C719DB5C35005ACA9B /* VoiceRecorderTests.m in Sources */,
			);
			runOnlyForDeploymentPostprocessing = 0;
		};
/* End PBXSourcesBuildPhase section */

/* Begin PBXTargetDependency section */
		E84927C219DB5C35005ACA9B /* PBXTargetDependency */ = {
			isa = PBXTargetDependency;
			target = E84927A619DB5C35005ACA9B /* VoiceRecorder */;
			targetProxy = E84927C119DB5C35005ACA9B /* PBXContainerItemProxy */;
		};
/* End PBXTargetDependency section */

/* Begin PBXVariantGroup section */
		2502D9671B261AC4005D7C45 /* Main.storyboard */ = {
			isa = PBXVariantGroup;
			children = (
				2502D9681B261AC4005D7C45 /* Base */,
			);
			name = Main.storyboard;
			sourceTree = "<group>";
		};
		E84927B919DB5C35005ACA9B /* LaunchScreen.xib */ = {
			isa = PBXVariantGroup;
			children = (
				E84927BA19DB5C35005ACA9B /* Base */,
			);
			name = LaunchScreen.xib;
			sourceTree = "<group>";
		};
/* End PBXVariantGroup section */

/* Begin XCBuildConfiguration section */
		E84927C819DB5C35005ACA9B /* Debug */ = {
			isa = XCBuildConfiguration;
			buildSettings = {
				ALWAYS_SEARCH_USER_PATHS = NO;
				CLANG_CXX_LANGUAGE_STANDARD = "gnu++0x";
				CLANG_CXX_LIBRARY = "libc++";
				CLANG_ENABLE_MODULES = YES;
				CLANG_ENABLE_OBJC_ARC = YES;
				CLANG_WARN_BOOL_CONVERSION = YES;
				CLANG_WARN_CONSTANT_CONVERSION = YES;
				CLANG_WARN_DIRECT_OBJC_ISA_USAGE = YES_ERROR;
				CLANG_WARN_EMPTY_BODY = YES;
				CLANG_WARN_ENUM_CONVERSION = YES;
				CLANG_WARN_INT_CONVERSION = YES;
				CLANG_WARN_OBJC_ROOT_CLASS = YES_ERROR;
				CLANG_WARN_UNREACHABLE_CODE = YES;
				CLANG_WARN__DUPLICATE_METHOD_MATCH = YES;
				CODE_SIGN_IDENTITY = "iPhone Developer";
				"CODE_SIGN_IDENTITY[sdk=iphoneos*]" = "iPhone Developer";
				COPY_PHASE_STRIP = NO;
				ENABLE_STRICT_OBJC_MSGSEND = YES;
				ENABLE_TESTABILITY = YES;
				GCC_C_LANGUAGE_STANDARD = gnu99;
				GCC_DYNAMIC_NO_PIC = NO;
				GCC_OPTIMIZATION_LEVEL = 0;
				GCC_PREPROCESSOR_DEFINITIONS = (
					"DEBUG=1",
					"$(inherited)",
				);
				GCC_SYMBOLS_PRIVATE_EXTERN = NO;
				GCC_WARN_64_TO_32_BIT_CONVERSION = YES;
				GCC_WARN_ABOUT_RETURN_TYPE = YES_ERROR;
				GCC_WARN_UNDECLARED_SELECTOR = YES;
				GCC_WARN_UNINITIALIZED_AUTOS = YES_AGGRESSIVE;
				GCC_WARN_UNUSED_FUNCTION = YES;
				GCC_WARN_UNUSED_VARIABLE = YES;
				IPHONEOS_DEPLOYMENT_TARGET = 8.3;
				MTL_ENABLE_DEBUG_INFO = YES;
				ONLY_ACTIVE_ARCH = YES;
				PROVISIONING_PROFILE = "ed3aa985-1360-4631-b624-54d7bf7bd2d7";
				SDKROOT = iphoneos;
			};
			name = Debug;
		};
		E84927C919DB5C35005ACA9B /* Release */ = {
			isa = XCBuildConfiguration;
			buildSettings = {
				ALWAYS_SEARCH_USER_PATHS = NO;
				CLANG_CXX_LANGUAGE_STANDARD = "gnu++0x";
				CLANG_CXX_LIBRARY = "libc++";
				CLANG_ENABLE_MODULES = YES;
				CLANG_ENABLE_OBJC_ARC = YES;
				CLANG_WARN_BOOL_CONVERSION = YES;
				CLANG_WARN_CONSTANT_CONVERSION = YES;
				CLANG_WARN_DIRECT_OBJC_ISA_USAGE = YES_ERROR;
				CLANG_WARN_EMPTY_BODY = YES;
				CLANG_WARN_ENUM_CONVERSION = YES;
				CLANG_WARN_INT_CONVERSION = YES;
				CLANG_WARN_OBJC_ROOT_CLASS = YES_ERROR;
				CLANG_WARN_UNREACHABLE_CODE = YES;
				CLANG_WARN__DUPLICATE_METHOD_MATCH = YES;
				CODE_SIGN_IDENTITY = "iPhone Developer";
				"CODE_SIGN_IDENTITY[sdk=iphoneos*]" = "iPhone Developer";
				COPY_PHASE_STRIP = YES;
				ENABLE_NS_ASSERTIONS = NO;
				ENABLE_STRICT_OBJC_MSGSEND = YES;
				GCC_C_LANGUAGE_STANDARD = gnu99;
				GCC_WARN_64_TO_32_BIT_CONVERSION = YES;
				GCC_WARN_ABOUT_RETURN_TYPE = YES_ERROR;
				GCC_WARN_UNDECLARED_SELECTOR = YES;
				GCC_WARN_UNINITIALIZED_AUTOS = YES_AGGRESSIVE;
				GCC_WARN_UNUSED_FUNCTION = YES;
				GCC_WARN_UNUSED_VARIABLE = YES;
				IPHONEOS_DEPLOYMENT_TARGET = 8.3;
				MTL_ENABLE_DEBUG_INFO = NO;
				PROVISIONING_PROFILE = "ed3aa985-1360-4631-b624-54d7bf7bd2d7";
				SDKROOT = iphoneos;
				VALIDATE_PRODUCT = YES;
			};
			name = Release;
		};
		E84927CB19DB5C35005ACA9B /* Debug */ = {
			isa = XCBuildConfiguration;
			baseConfigurationReference = 8D8F228A2476D7976ECB8117 /* Pods-VoiceRecorder.debug.xcconfig */;
			buildSettings = {
				ASSETCATALOG_COMPILER_APPICON_NAME = AppIcon;
				CODE_SIGN_IDENTITY = "iPhone Developer";
				"CODE_SIGN_IDENTITY[sdk=iphoneos*]" = "iPhone Developer";
				ENABLE_BITCODE = NO;
				FRAMEWORK_SEARCH_PATHS = (
					"$(inherited)",
					"$(PROJECT_DIR)",
					"$(PROJECT_DIR)/VoiceRecorder",
				);
				INFOPLIST_FILE = VoiceRecorder/Info.plist;
				IPHONEOS_DEPLOYMENT_TARGET = 8.2;
				LD_RUNPATH_SEARCH_PATHS = "$(inherited) @executable_path/Frameworks";
				PRODUCT_BUNDLE_IDENTIFIER = com.apps.mobicom;
				PRODUCT_NAME = "$(TARGET_NAME)";
				PROVISIONING_PROFILE = "";
				TARGETED_DEVICE_FAMILY = "1,2";
			};
			name = Debug;
		};
		E84927CC19DB5C35005ACA9B /* Release */ = {
			isa = XCBuildConfiguration;
			baseConfigurationReference = 8BDD2995A9CF754D130ED7EB /* Pods-VoiceRecorder.release.xcconfig */;
			buildSettings = {
				ASSETCATALOG_COMPILER_APPICON_NAME = AppIcon;
				CODE_SIGN_IDENTITY = "iPhone Developer";
				"CODE_SIGN_IDENTITY[sdk=iphoneos*]" = "iPhone Developer";
				ENABLE_BITCODE = NO;
				FRAMEWORK_SEARCH_PATHS = (
					"$(inherited)",
					"$(PROJECT_DIR)",
					"$(PROJECT_DIR)/VoiceRecorder",
				);
				INFOPLIST_FILE = VoiceRecorder/Info.plist;
				IPHONEOS_DEPLOYMENT_TARGET = 8.2;
				LD_RUNPATH_SEARCH_PATHS = "$(inherited) @executable_path/Frameworks";
				PRODUCT_BUNDLE_IDENTIFIER = com.apps.mobicom;
				PRODUCT_NAME = "$(TARGET_NAME)";
				PROVISIONING_PROFILE = "";
				TARGETED_DEVICE_FAMILY = "1,2";
			};
			name = Release;
		};
		E84927CE19DB5C35005ACA9B /* Debug */ = {
			isa = XCBuildConfiguration;
			buildSettings = {
				BUNDLE_LOADER = "$(TEST_HOST)";
				FRAMEWORK_SEARCH_PATHS = (
					"$(SDKROOT)/Developer/Library/Frameworks",
					"$(inherited)",
				);
				GCC_PREPROCESSOR_DEFINITIONS = (
					"DEBUG=1",
					"$(inherited)",
				);
				INFOPLIST_FILE = VoiceRecorderTests/Info.plist;
				LD_RUNPATH_SEARCH_PATHS = "$(inherited) @executable_path/Frameworks @loader_path/Frameworks";
				PRODUCT_BUNDLE_IDENTIFIER = "UND.$(PRODUCT_NAME:rfc1034identifier)";
				PRODUCT_NAME = "$(TARGET_NAME)";
				TEST_HOST = "$(BUILT_PRODUCTS_DIR)/VoiceRecorder.app/VoiceRecorder";
			};
			name = Debug;
		};
		E84927CF19DB5C35005ACA9B /* Release */ = {
			isa = XCBuildConfiguration;
			buildSettings = {
				BUNDLE_LOADER = "$(TEST_HOST)";
				FRAMEWORK_SEARCH_PATHS = (
					"$(SDKROOT)/Developer/Library/Frameworks",
					"$(inherited)",
				);
				INFOPLIST_FILE = VoiceRecorderTests/Info.plist;
				LD_RUNPATH_SEARCH_PATHS = "$(inherited) @executable_path/Frameworks @loader_path/Frameworks";
				PRODUCT_BUNDLE_IDENTIFIER = "UND.$(PRODUCT_NAME:rfc1034identifier)";
				PRODUCT_NAME = "$(TARGET_NAME)";
				TEST_HOST = "$(BUILT_PRODUCTS_DIR)/VoiceRecorder.app/VoiceRecorder";
			};
			name = Release;
		};
/* End XCBuildConfiguration section */

/* Begin XCConfigurationList section */
		E84927A219DB5C35005ACA9B /* Build configuration list for PBXProject "VoiceRecorder" */ = {
			isa = XCConfigurationList;
			buildConfigurations = (
				E84927C819DB5C35005ACA9B /* Debug */,
				E84927C919DB5C35005ACA9B /* Release */,
			);
			defaultConfigurationIsVisible = 0;
			defaultConfigurationName = Release;
		};
		E84927CA19DB5C35005ACA9B /* Build configuration list for PBXNativeTarget "VoiceRecorder" */ = {
			isa = XCConfigurationList;
			buildConfigurations = (
				E84927CB19DB5C35005ACA9B /* Debug */,
				E84927CC19DB5C35005ACA9B /* Release */,
			);
			defaultConfigurationIsVisible = 0;
			defaultConfigurationName = Release;
		};
		E84927CD19DB5C35005ACA9B /* Build configuration list for PBXNativeTarget "VoiceRecorderTests" */ = {
			isa = XCConfigurationList;
			buildConfigurations = (
				E84927CE19DB5C35005ACA9B /* Debug */,
				E84927CF19DB5C35005ACA9B /* Release */,
			);
			defaultConfigurationIsVisible = 0;
			defaultConfigurationName = Release;
		};
/* End XCConfigurationList section */
	};
	rootObject = E849279F19DB5C35005ACA9B /* Project object */;
}
